// !$*UTF8*$!
{
	archiveVersion = 1;
	classes = {
	};
	objectVersion = 52;
	objects = {

/* Begin PBXBuildFile section */
		28A507479ECE4589E15E1031 /* Pods_Swift_SweetSugar_Swift_SweetSugarUITests.framework in Frameworks */ = {isa = PBXBuildFile; fileRef = 5B848029ED193933CC2D84BE /* Pods_Swift_SweetSugar_Swift_SweetSugarUITests.framework */; };
		A0396A2258FA5779AF29F082 /* Pods_Swift_SweetSugarTests.framework in Frameworks */ = {isa = PBXBuildFile; fileRef = 2941FEBD81CA692F50BC3FD2 /* Pods_Swift_SweetSugarTests.framework */; };
		B4063D66260B4D7100F3135E /* HomeListVC.swift in Sources */ = {isa = PBXBuildFile; fileRef = B4063D64260B4D7100F3135E /* HomeListVC.swift */; };
		B4063D67260B4D7100F3135E /* HomeListVC.xib in Resources */ = {isa = PBXBuildFile; fileRef = B4063D65260B4D7100F3135E /* HomeListVC.xib */; };
		B4063D6D260B4E2800F3135E /* HomeListItem.swift in Sources */ = {isa = PBXBuildFile; fileRef = B4063D6C260B4E2800F3135E /* HomeListItem.swift */; };
		B4063D73260B4F1300F3135E /* home_list.plist in Resources */ = {isa = PBXBuildFile; fileRef = B4063D72260B4F1300F3135E /* home_list.plist */; };
		B4063D88260B530C00F3135E /* HomeListItemCell.swift in Sources */ = {isa = PBXBuildFile; fileRef = B4063D86260B530C00F3135E /* HomeListItemCell.swift */; };
		B4063D89260B530C00F3135E /* HomeListItemCell.xib in Resources */ = {isa = PBXBuildFile; fileRef = B4063D87260B530C00F3135E /* HomeListItemCell.xib */; };
		B4063D93260B546500F3135E /* UITableViewCell+Extension.swift in Sources */ = {isa = PBXBuildFile; fileRef = B4063D92260B546500F3135E /* UITableViewCell+Extension.swift */; };
		B4063D9B260B60C100F3135E /* UITestVC.swift in Sources */ = {isa = PBXBuildFile; fileRef = B4063D99260B60C100F3135E /* UITestVC.swift */; };
		B4063D9C260B60C100F3135E /* UITestVC.xib in Resources */ = {isa = PBXBuildFile; fileRef = B4063D9A260B60C100F3135E /* UITestVC.xib */; };
		B4063DA6260B618A00F3135E /* ConstParams.swift in Sources */ = {isa = PBXBuildFile; fileRef = B4063DA5260B618A00F3135E /* ConstParams.swift */; };
		B4063DAE260B637500F3135E /* FuncTestVC.swift in Sources */ = {isa = PBXBuildFile; fileRef = B4063DAC260B637500F3135E /* FuncTestVC.swift */; };
		B4063DAF260B637500F3135E /* FuncTestVC.xib in Resources */ = {isa = PBXBuildFile; fileRef = B4063DAD260B637500F3135E /* FuncTestVC.xib */; };
		B422B29025A3158800293646 /* MMFileManager.swift in Sources */ = {isa = PBXBuildFile; fileRef = B422B28F25A3158800293646 /* MMFileManager.swift */; };
		B422B29725A3167200293646 /* MMFileTest.swift in Sources */ = {isa = PBXBuildFile; fileRef = B422B29625A3167200293646 /* MMFileTest.swift */; };
		B422B2A525A3194500293646 /* String+Extension.swift in Sources */ = {isa = PBXBuildFile; fileRef = B422B2A425A3194500293646 /* String+Extension.swift */; };
		B425AC692252526000B02B77 /* AppDelegate.swift in Sources */ = {isa = PBXBuildFile; fileRef = B425AC682252526000B02B77 /* AppDelegate.swift */; };
		B425AC6B2252526000B02B77 /* ViewController.swift in Sources */ = {isa = PBXBuildFile; fileRef = B425AC6A2252526000B02B77 /* ViewController.swift */; };
		B425AC6E2252526000B02B77 /* Main.storyboard in Resources */ = {isa = PBXBuildFile; fileRef = B425AC6C2252526000B02B77 /* Main.storyboard */; };
		B425AC702252526200B02B77 /* Assets.xcassets in Resources */ = {isa = PBXBuildFile; fileRef = B425AC6F2252526200B02B77 /* Assets.xcassets */; };
		B425AC732252526200B02B77 /* LaunchScreen.storyboard in Resources */ = {isa = PBXBuildFile; fileRef = B425AC712252526200B02B77 /* LaunchScreen.storyboard */; };
		B425AC7E2252526200B02B77 /* Swift_SweetSugarTests.swift in Sources */ = {isa = PBXBuildFile; fileRef = B425AC7D2252526200B02B77 /* Swift_SweetSugarTests.swift */; };
		B425AC892252526200B02B77 /* Swift_SweetSugarUITests.swift in Sources */ = {isa = PBXBuildFile; fileRef = B425AC882252526200B02B77 /* Swift_SweetSugarUITests.swift */; };
		B425AC982252529A00B02B77 /* UIKit+Extension.swift in Sources */ = {isa = PBXBuildFile; fileRef = B425AC972252529A00B02B77 /* UIKit+Extension.swift */; };
		B43DF3BA278B17C3009F3BE9 /* MMCurveView.swift in Sources */ = {isa = PBXBuildFile; fileRef = B43DF3B9278B17C3009F3BE9 /* MMCurveView.swift */; };
		B4417A3322CE42AC00818FA0 /* StringSolution.swift in Sources */ = {isa = PBXBuildFile; fileRef = B4417A3222CE42AC00818FA0 /* StringSolution.swift */; };
		B45763C7233A674E003AE3A5 /* TreeSolution.swift in Sources */ = {isa = PBXBuildFile; fileRef = B45763C6233A674E003AE3A5 /* TreeSolution.swift */; };
		B45853582386D899005A4FFA /* LXDBacktraceLogger.m in Sources */ = {isa = PBXBuildFile; fileRef = B45853542386D899005A4FFA /* LXDBacktraceLogger.m */; };
		B45853592386D899005A4FFA /* LXDAppFluecyMonitor.m in Sources */ = {isa = PBXBuildFile; fileRef = B45853572386D899005A4FFA /* LXDAppFluecyMonitor.m */; };
		B45853632386D95E005A4FFA /* MonitorViewController.swift in Sources */ = {isa = PBXBuildFile; fileRef = B45853622386D95E005A4FFA /* MonitorViewController.swift */; };
		B459B5EF22CCF0A700DEEA87 /* Solution.swift in Sources */ = {isa = PBXBuildFile; fileRef = B459B5EE22CCF0A700DEEA87 /* Solution.swift */; };
		B461A4C2234E3D660054B907 /* HeapModel.swift in Sources */ = {isa = PBXBuildFile; fileRef = B461A4C1234E3D660054B907 /* HeapModel.swift */; };
		B469D02F269D9C57001D7234 /* MMEmitterVC.swift in Sources */ = {isa = PBXBuildFile; fileRef = B469D02D269D9C57001D7234 /* MMEmitterVC.swift */; };
		B469D030269D9C57001D7234 /* MMEmitterVC.xib in Resources */ = {isa = PBXBuildFile; fileRef = B469D02E269D9C57001D7234 /* MMEmitterVC.xib */; };
		B469D033269DBCDF001D7234 /* UIImage+Extension.swift in Sources */ = {isa = PBXBuildFile; fileRef = B469D032269DBCDF001D7234 /* UIImage+Extension.swift */; };
		B46FED52238C2FA30023F0FA /* GCDTest.swift in Sources */ = {isa = PBXBuildFile; fileRef = B46FED51238C2FA30023F0FA /* GCDTest.swift */; };
		B47468F126FED2F300C79F2C /* MMGraphic2VC.swift in Sources */ = {isa = PBXBuildFile; fileRef = B47468EF26FED2F300C79F2C /* MMGraphic2VC.swift */; };
		B47468F226FED2F300C79F2C /* MMGraphic2VC.xib in Resources */ = {isa = PBXBuildFile; fileRef = B47468F026FED2F300C79F2C /* MMGraphic2VC.xib */; };
		B474765626948B2C006922D8 /* RPReplay.MP4 in Resources */ = {isa = PBXBuildFile; fileRef = B474765526948B2C006922D8 /* RPReplay.MP4 */; };
		B47F342126608DEC00F46C90 /* MMWebViewController.swift in Sources */ = {isa = PBXBuildFile; fileRef = B47F341F26608DEC00F46C90 /* MMWebViewController.swift */; };
		B47F342226608DEC00F46C90 /* MMWebViewController.xib in Resources */ = {isa = PBXBuildFile; fileRef = B47F342026608DEC00F46C90 /* MMWebViewController.xib */; };
		B47F39E6260DB6CF007592A1 /* WrapperTest.swift in Sources */ = {isa = PBXBuildFile; fileRef = B47F39E5260DB6CF007592A1 /* WrapperTest.swift */; };
		B480AD0E266882F600E53DED /* MMTextVC.swift in Sources */ = {isa = PBXBuildFile; fileRef = B480AD0C266882F600E53DED /* MMTextVC.swift */; };
		B480AD0F266882F600E53DED /* MMTextVC.xib in Resources */ = {isa = PBXBuildFile; fileRef = B480AD0D266882F600E53DED /* MMTextVC.xib */; };
		B48AEBC226F070BB000C513B /* MMDottedLine.swift in Sources */ = {isa = PBXBuildFile; fileRef = B48AEBC126F070BB000C513B /* MMDottedLine.swift */; };
		B495034A26E1FF3800C10601 /* MMBaseNavigationController.swift in Sources */ = {isa = PBXBuildFile; fileRef = B495034926E1FF3800C10601 /* MMBaseNavigationController.swift */; };
		B495035126E2463C00C10601 /* MMGraphicViewController.swift in Sources */ = {isa = PBXBuildFile; fileRef = B495034F26E2463C00C10601 /* MMGraphicViewController.swift */; };
		B495035226E2463C00C10601 /* MMGraphicViewController.xib in Resources */ = {isa = PBXBuildFile; fileRef = B495035026E2463C00C10601 /* MMGraphicViewController.xib */; };
		B49751C1269C1E08004445E4 /* MMPieChartView.swift in Sources */ = {isa = PBXBuildFile; fileRef = B49751C0269C1E08004445E4 /* MMPieChartView.swift */; };
		B49AA839276227CF00E41372 /* SafariWebExtensionHandler.swift in Sources */ = {isa = PBXBuildFile; fileRef = B49AA838276227CF00E41372 /* SafariWebExtensionHandler.swift */; };
		B49AA83C276227CF00E41372 /* _locales in Resources */ = {isa = PBXBuildFile; fileRef = B49AA83B276227CF00E41372 /* _locales */; };
		B49AA83E276227CF00E41372 /* images in Resources */ = {isa = PBXBuildFile; fileRef = B49AA83D276227CF00E41372 /* images */; };
		B49AA840276227CF00E41372 /* manifest.json in Resources */ = {isa = PBXBuildFile; fileRef = B49AA83F276227CF00E41372 /* manifest.json */; };
		B49AA842276227CF00E41372 /* background.js in Resources */ = {isa = PBXBuildFile; fileRef = B49AA841276227CF00E41372 /* background.js */; };
		B49AA844276227CF00E41372 /* content.js in Resources */ = {isa = PBXBuildFile; fileRef = B49AA843276227CF00E41372 /* content.js */; };
		B49AA846276227CF00E41372 /* popup.html in Resources */ = {isa = PBXBuildFile; fileRef = B49AA845276227CF00E41372 /* popup.html */; };
		B49AA848276227CF00E41372 /* popup.css in Resources */ = {isa = PBXBuildFile; fileRef = B49AA847276227CF00E41372 /* popup.css */; };
		B49AA84A276227CF00E41372 /* popup.js in Resources */ = {isa = PBXBuildFile; fileRef = B49AA849276227CF00E41372 /* popup.js */; };
		B49AA84E276227CF00E41372 /* SafariTranslate.appex in Embed App Extensions */ = {isa = PBXBuildFile; fileRef = B49AA836276227CF00E41372 /* SafariTranslate.appex */; settings = {ATTRIBUTES = (RemoveHeadersOnCopy, ); }; };
		B49BAB812620223B0097DFC9 /* SingleViewCell.swift in Sources */ = {isa = PBXBuildFile; fileRef = B49BAB7F2620223B0097DFC9 /* SingleViewCell.swift */; };
		B49BAB822620223B0097DFC9 /* SingleViewCell.xib in Resources */ = {isa = PBXBuildFile; fileRef = B49BAB802620223B0097DFC9 /* SingleViewCell.xib */; };
		B49BAB8A262022730097DFC9 /* CollectionViewController.swift in Sources */ = {isa = PBXBuildFile; fileRef = B49BAB88262022730097DFC9 /* CollectionViewController.swift */; };
		B49BAB8B262022730097DFC9 /* CollectionViewController.xib in Resources */ = {isa = PBXBuildFile; fileRef = B49BAB89262022730097DFC9 /* CollectionViewController.xib */; };
		B49C47832739296B0041F245 /* MMShadowButton.swift in Sources */ = {isa = PBXBuildFile; fileRef = B49C47822739296B0041F245 /* MMShadowButton.swift */; };
		B49D61DD23390BA700ED9352 /* UIView+Extension.swift in Sources */ = {isa = PBXBuildFile; fileRef = B49D61DB23390BA700ED9352 /* UIView+Extension.swift */; };
		B49D61DE23390BA700ED9352 /* DispatchTime+MM_Extension.swift in Sources */ = {isa = PBXBuildFile; fileRef = B49D61DC23390BA700ED9352 /* DispatchTime+MM_Extension.swift */; };
		B49DC0E02681805A009DE0FB /* MMLayerAnimationVC.swift in Sources */ = {isa = PBXBuildFile; fileRef = B49DC0DE2681805A009DE0FB /* MMLayerAnimationVC.swift */; };
		B49DC0E12681805A009DE0FB /* MMLayerAnimationVC.xib in Resources */ = {isa = PBXBuildFile; fileRef = B49DC0DF2681805A009DE0FB /* MMLayerAnimationVC.xib */; };
		B4A17DE02669D5EF0030E40D /* MMAuthorizationVC.swift in Sources */ = {isa = PBXBuildFile; fileRef = B4A17DDF2669D5EF0030E40D /* MMAuthorizationVC.swift */; };
		B4A17DE42669FA870030E40D /* MMTableViewVC.swift in Sources */ = {isa = PBXBuildFile; fileRef = B4A17DE22669FA870030E40D /* MMTableViewVC.swift */; };
		B4A17DE52669FA870030E40D /* MMTableViewVC.xib in Resources */ = {isa = PBXBuildFile; fileRef = B4A17DE32669FA870030E40D /* MMTableViewVC.xib */; };
		B4A308E826CA781800500055 /* MMPoint.swift in Sources */ = {isa = PBXBuildFile; fileRef = B4A308E726CA781800500055 /* MMPoint.swift */; };
		B4A3625024889B26006696C3 /* MMDispatchTimer.swift in Sources */ = {isa = PBXBuildFile; fileRef = B4A3624F24889B26006696C3 /* MMDispatchTimer.swift */; };
		B4A4510727674BB1005AC2E4 /* SwiftyJSON in Frameworks */ = {isa = PBXBuildFile; productRef = B4A4510627674BB1005AC2E4 /* SwiftyJSON */; };
		B4A4510A27674FE3005AC2E4 /* result.json in Resources */ = {isa = PBXBuildFile; fileRef = B4A4510827674C8B005AC2E4 /* result.json */; };
		B4A7E0C0277303FE0091687C /* MMListUpdateViewController.swift in Sources */ = {isa = PBXBuildFile; fileRef = B4A7E0BE277303FE0091687C /* MMListUpdateViewController.swift */; };
		B4A7E0C1277303FE0091687C /* MMListUpdateViewController.xib in Resources */ = {isa = PBXBuildFile; fileRef = B4A7E0BF277303FE0091687C /* MMListUpdateViewController.xib */; };
		B4A936962689ADD7001E181B /* MMControlView.swift in Sources */ = {isa = PBXBuildFile; fileRef = B4A936952689ADD7001E181B /* MMControlView.swift */; };
		B4A936992689B129001E181B /* MMCustomView.swift in Sources */ = {isa = PBXBuildFile; fileRef = B4A936982689B129001E181B /* MMCustomView.swift */; };
		B4A9369B2689B6E9001E181B /* MMButton.swift in Sources */ = {isa = PBXBuildFile; fileRef = B4A9369A2689B6E9001E181B /* MMButton.swift */; };
		B4AC61532732374200B76990 /* YDCustomButton.swift in Sources */ = {isa = PBXBuildFile; fileRef = B4AC61512732374200B76990 /* YDCustomButton.swift */; };
		B4AC6155273237A700B76990 /* Foundation+Extension.swift in Sources */ = {isa = PBXBuildFile; fileRef = B4AC6154273237A700B76990 /* Foundation+Extension.swift */; };
		B4B4346F2701701100F7FAD4 /* UIDevice+Extension.swift in Sources */ = {isa = PBXBuildFile; fileRef = B4B4346E2701701100F7FAD4 /* UIDevice+Extension.swift */; };
		B4B43474270170CC00F7FAD4 /* MMIpadController.swift in Sources */ = {isa = PBXBuildFile; fileRef = B4B43472270170CC00F7FAD4 /* MMIpadController.swift */; };
		B4B43475270170CC00F7FAD4 /* MMIpadController.xib in Resources */ = {isa = PBXBuildFile; fileRef = B4B43473270170CC00F7FAD4 /* MMIpadController.xib */; };
		B4B434772701ADA900F7FAD4 /* MMFuncTool.swift in Sources */ = {isa = PBXBuildFile; fileRef = B4B434762701ADA900F7FAD4 /* MMFuncTool.swift */; };
		B4B4347F2701CB9C00F7FAD4 /* MMCoreTextVC.swift in Sources */ = {isa = PBXBuildFile; fileRef = B4B4347D2701CB9C00F7FAD4 /* MMCoreTextVC.swift */; };
		B4B434802701CB9C00F7FAD4 /* MMCoreTextVC.xib in Resources */ = {isa = PBXBuildFile; fileRef = B4B4347E2701CB9C00F7FAD4 /* MMCoreTextVC.xib */; };
		B4B69E75233E55950061AF93 /* BaseSort.swift in Sources */ = {isa = PBXBuildFile; fileRef = B4B69E74233E55950061AF93 /* BaseSort.swift */; };
		B4B69E78233E55D40061AF93 /* CreateTool.swift in Sources */ = {isa = PBXBuildFile; fileRef = B4B69E77233E55D40061AF93 /* CreateTool.swift */; };
		B4B6FDAF26CE6D6400C57423 /* MMStackCollectionViewLayout.swift in Sources */ = {isa = PBXBuildFile; fileRef = B4B6FDAE26CE6D6400C57423 /* MMStackCollectionViewLayout.swift */; };
		B4BE2D4B26171F7300E84967 /* SubProject_1.framework in Frameworks */ = {isa = PBXBuildFile; fileRef = B4BE2D3D26171E9600E84967 /* SubProject_1.framework */; };
		B4BE2D4C26171F7300E84967 /* SubProject_1.framework in Embed Frameworks */ = {isa = PBXBuildFile; fileRef = B4BE2D3D26171E9600E84967 /* SubProject_1.framework */; settings = {ATTRIBUTES = (CodeSignOnCopy, RemoveHeadersOnCopy, ); }; };
		B4C06FE927423CDA00681C95 /* anim_search_loop_light.json in Resources */ = {isa = PBXBuildFile; fileRef = B4C06FE827423CDA00681C95 /* anim_search_loop_light.json */; };
		B4C06FEE274251F800681C95 /* UIImageView+Extension.swift in Sources */ = {isa = PBXBuildFile; fileRef = B4C06FED274251F800681C95 /* UIImageView+Extension.swift */; };
		B4C10E5726D9102600AEF417 /* MMSimpleModel.swift in Sources */ = {isa = PBXBuildFile; fileRef = B4C10E5626D9102600AEF417 /* MMSimpleModel.swift */; };
		B4C194C12772C8670019553E /* MMSingleLabelTableCell.swift in Sources */ = {isa = PBXBuildFile; fileRef = B4C194BF2772C8670019553E /* MMSingleLabelTableCell.swift */; };
		B4C194C22772C8670019553E /* MMSingleLabelTableCell.xib in Resources */ = {isa = PBXBuildFile; fileRef = B4C194C02772C8670019553E /* MMSingleLabelTableCell.xib */; };
		B4C194C52772F0FB0019553E /* MMTableViewAdapt.swift in Sources */ = {isa = PBXBuildFile; fileRef = B4C194C42772F0FB0019553E /* MMTableViewAdapt.swift */; };
		B4C4E3A22710671100387B97 /* MMTextView.swift in Sources */ = {isa = PBXBuildFile; fileRef = B4C4E3A12710671100387B97 /* MMTextView.swift */; };
		B4C51C14279149CE00F56FEC /* MMSunMoonView.swift in Sources */ = {isa = PBXBuildFile; fileRef = B4C51C13279149CE00F56FEC /* MMSunMoonView.swift */; };
		B4C6046C277AC72500EA287E /* Structured.swift in Sources */ = {isa = PBXBuildFile; fileRef = B4C6046B277AC72500EA287E /* Structured.swift */; };
		B4C6AA0E261D9A9800D4B243 /* GestureTestVC.swift in Sources */ = {isa = PBXBuildFile; fileRef = B4C6AA0C261D9A9800D4B243 /* GestureTestVC.swift */; };
		B4C6AA0F261D9A9800D4B243 /* GestureTestVC.xib in Resources */ = {isa = PBXBuildFile; fileRef = B4C6AA0D261D9A9800D4B243 /* GestureTestVC.xib */; };
		B4C6AA18261D9CE000D4B243 /* MMTouchView.swift in Sources */ = {isa = PBXBuildFile; fileRef = B4C6AA17261D9CE000D4B243 /* MMTouchView.swift */; };
		DF0D36E8235D705C006EE6D5 /* LeeCodeTrueSubject.swift in Sources */ = {isa = PBXBuildFile; fileRef = DF0D36E7235D705C006EE6D5 /* LeeCodeTrueSubject.swift */; };
		DF128F3D232F2C5A00491475 /* Date+MM_Extension.swift in Sources */ = {isa = PBXBuildFile; fileRef = DF128F3C232F2C5A00491475 /* Date+MM_Extension.swift */; };
		DF128F3F232F2FF900491475 /* CommonModel.swift in Sources */ = {isa = PBXBuildFile; fileRef = DF128F3E232F2FF900491475 /* CommonModel.swift */; };
		DF2ED5D8238546F7001617F8 /* Stack.swift in Sources */ = {isa = PBXBuildFile; fileRef = DF2ED5D7238546F7001617F8 /* Stack.swift */; };
		DF2ED5DA23854856001617F8 /* Queue.swift in Sources */ = {isa = PBXBuildFile; fileRef = DF2ED5D923854856001617F8 /* Queue.swift */; };
		DF2ED5DC2386219A001617F8 /* QuickSort.swift in Sources */ = {isa = PBXBuildFile; fileRef = DF2ED5DB2386219A001617F8 /* QuickSort.swift */; };
		DF2ED5F12387BCB7001617F8 /* MergeSort.swift in Sources */ = {isa = PBXBuildFile; fileRef = DF2ED5F02387BCB7001617F8 /* MergeSort.swift */; };
		DF2ED5F52387C31F001617F8 /* Sort.swift in Sources */ = {isa = PBXBuildFile; fileRef = DF2ED5F42387C31F001617F8 /* Sort.swift */; };
		DF68A8E6238BB3E900610380 /* InsetrumentDemo.instrpkg in Sources */ = {isa = PBXBuildFile; fileRef = DF68A8E5238BB3E900610380 /* InsetrumentDemo.instrpkg */; };
		DF9227E722CB07A600ABB221 /* UIColor+MM_Extension.swift in Sources */ = {isa = PBXBuildFile; fileRef = DF9227E622CB07A600ABB221 /* UIColor+MM_Extension.swift */; };
		DFF332AA2328C5DE0015295C /* Bundle+MM_extension.swift in Sources */ = {isa = PBXBuildFile; fileRef = DFF332A92328C5DE0015295C /* Bundle+MM_extension.swift */; };
		E2F379AE7FBB9740FD285199 /* Pods_Swift_SweetSugar.framework in Frameworks */ = {isa = PBXBuildFile; fileRef = D7F28C83142AE50A58FF1D0E /* Pods_Swift_SweetSugar.framework */; };
/* End PBXBuildFile section */

/* Begin PBXContainerItemProxy section */
		B425AC7A2252526200B02B77 /* PBXContainerItemProxy */ = {
			isa = PBXContainerItemProxy;
			containerPortal = B425AC5D2252526000B02B77 /* Project object */;
			proxyType = 1;
			remoteGlobalIDString = B425AC642252526000B02B77;
			remoteInfo = Swift_SweetSugar;
		};
		B425AC852252526200B02B77 /* PBXContainerItemProxy */ = {
			isa = PBXContainerItemProxy;
			containerPortal = B425AC5D2252526000B02B77 /* Project object */;
			proxyType = 1;
			remoteGlobalIDString = B425AC642252526000B02B77;
			remoteInfo = Swift_SweetSugar;
		};
		B49AA84C276227CF00E41372 /* PBXContainerItemProxy */ = {
			isa = PBXContainerItemProxy;
			containerPortal = B425AC5D2252526000B02B77 /* Project object */;
			proxyType = 1;
			remoteGlobalIDString = B49AA835276227CF00E41372;
			remoteInfo = SafariTranslate;
		};
		B4BE2D3C26171E9600E84967 /* PBXContainerItemProxy */ = {
			isa = PBXContainerItemProxy;
			containerPortal = B4BE2D3826171E9600E84967 /* SubProject_1.xcodeproj */;
			proxyType = 2;
			remoteGlobalIDString = B4BE2D1C26171C7600E84967;
			remoteInfo = SubProject_1;
		};
/* End PBXContainerItemProxy section */

/* Begin PBXCopyFilesBuildPhase section */
		B49AA84F276227CF00E41372 /* Embed App Extensions */ = {
			isa = PBXCopyFilesBuildPhase;
			buildActionMask = 2147483647;
			dstPath = "";
			dstSubfolderSpec = 13;
			files = (
				B49AA84E276227CF00E41372 /* SafariTranslate.appex in Embed App Extensions */,
			);
			name = "Embed App Extensions";
			runOnlyForDeploymentPostprocessing = 0;
		};
		B4BE2D4D26171F7400E84967 /* Embed Frameworks */ = {
			isa = PBXCopyFilesBuildPhase;
			buildActionMask = 2147483647;
			dstPath = "";
			dstSubfolderSpec = 10;
			files = (
				B4BE2D4C26171F7300E84967 /* SubProject_1.framework in Embed Frameworks */,
			);
			name = "Embed Frameworks";
			runOnlyForDeploymentPostprocessing = 0;
		};
/* End PBXCopyFilesBuildPhase section */

/* Begin PBXFileReference section */
		2028267AE1A8AD89F66A9103 /* Pods-Swift_SweetSugar-Swift_SweetSugarUITests.debug.xcconfig */ = {isa = PBXFileReference; includeInIndex = 1; lastKnownFileType = text.xcconfig; name = "Pods-Swift_SweetSugar-Swift_SweetSugarUITests.debug.xcconfig"; path = "Target Support Files/Pods-Swift_SweetSugar-Swift_SweetSugarUITests/Pods-Swift_SweetSugar-Swift_SweetSugarUITests.debug.xcconfig"; sourceTree = "<group>"; };
		2941FEBD81CA692F50BC3FD2 /* Pods_Swift_SweetSugarTests.framework */ = {isa = PBXFileReference; explicitFileType = wrapper.framework; includeInIndex = 0; path = Pods_Swift_SweetSugarTests.framework; sourceTree = BUILT_PRODUCTS_DIR; };
		5517FE394A1BE726129E9488 /* Pods-Swift_SweetSugarTests.release.xcconfig */ = {isa = PBXFileReference; includeInIndex = 1; lastKnownFileType = text.xcconfig; name = "Pods-Swift_SweetSugarTests.release.xcconfig"; path = "Target Support Files/Pods-Swift_SweetSugarTests/Pods-Swift_SweetSugarTests.release.xcconfig"; sourceTree = "<group>"; };
		5B848029ED193933CC2D84BE /* Pods_Swift_SweetSugar_Swift_SweetSugarUITests.framework */ = {isa = PBXFileReference; explicitFileType = wrapper.framework; includeInIndex = 0; path = Pods_Swift_SweetSugar_Swift_SweetSugarUITests.framework; sourceTree = BUILT_PRODUCTS_DIR; };
		673050F51396BFDC2DD7DD6F /* Pods-Swift_SweetSugarTests.debug.xcconfig */ = {isa = PBXFileReference; includeInIndex = 1; lastKnownFileType = text.xcconfig; name = "Pods-Swift_SweetSugarTests.debug.xcconfig"; path = "Target Support Files/Pods-Swift_SweetSugarTests/Pods-Swift_SweetSugarTests.debug.xcconfig"; sourceTree = "<group>"; };
		B4063D64260B4D7100F3135E /* HomeListVC.swift */ = {isa = PBXFileReference; lastKnownFileType = sourcecode.swift; path = HomeListVC.swift; sourceTree = "<group>"; };
		B4063D65260B4D7100F3135E /* HomeListVC.xib */ = {isa = PBXFileReference; lastKnownFileType = file.xib; path = HomeListVC.xib; sourceTree = "<group>"; };
		B4063D6C260B4E2800F3135E /* HomeListItem.swift */ = {isa = PBXFileReference; lastKnownFileType = sourcecode.swift; path = HomeListItem.swift; sourceTree = "<group>"; };
		B4063D72260B4F1300F3135E /* home_list.plist */ = {isa = PBXFileReference; lastKnownFileType = text.plist.xml; path = home_list.plist; sourceTree = "<group>"; };
		B4063D86260B530C00F3135E /* HomeListItemCell.swift */ = {isa = PBXFileReference; lastKnownFileType = sourcecode.swift; path = HomeListItemCell.swift; sourceTree = "<group>"; };
		B4063D87260B530C00F3135E /* HomeListItemCell.xib */ = {isa = PBXFileReference; lastKnownFileType = file.xib; path = HomeListItemCell.xib; sourceTree = "<group>"; };
		B4063D92260B546500F3135E /* UITableViewCell+Extension.swift */ = {isa = PBXFileReference; lastKnownFileType = sourcecode.swift; path = "UITableViewCell+Extension.swift"; sourceTree = "<group>"; };
		B4063D99260B60C100F3135E /* UITestVC.swift */ = {isa = PBXFileReference; lastKnownFileType = sourcecode.swift; path = UITestVC.swift; sourceTree = "<group>"; };
		B4063D9A260B60C100F3135E /* UITestVC.xib */ = {isa = PBXFileReference; lastKnownFileType = file.xib; path = UITestVC.xib; sourceTree = "<group>"; };
		B4063DA5260B618A00F3135E /* ConstParams.swift */ = {isa = PBXFileReference; lastKnownFileType = sourcecode.swift; path = ConstParams.swift; sourceTree = "<group>"; };
		B4063DAC260B637500F3135E /* FuncTestVC.swift */ = {isa = PBXFileReference; lastKnownFileType = sourcecode.swift; path = FuncTestVC.swift; sourceTree = "<group>"; };
		B4063DAD260B637500F3135E /* FuncTestVC.xib */ = {isa = PBXFileReference; lastKnownFileType = file.xib; path = FuncTestVC.xib; sourceTree = "<group>"; };
		B422B28F25A3158800293646 /* MMFileManager.swift */ = {isa = PBXFileReference; fileEncoding = 4; lastKnownFileType = sourcecode.swift; path = MMFileManager.swift; sourceTree = "<group>"; };
		B422B29625A3167200293646 /* MMFileTest.swift */ = {isa = PBXFileReference; lastKnownFileType = sourcecode.swift; path = MMFileTest.swift; sourceTree = "<group>"; };
		B422B2A425A3194500293646 /* String+Extension.swift */ = {isa = PBXFileReference; fileEncoding = 4; lastKnownFileType = sourcecode.swift; path = "String+Extension.swift"; sourceTree = "<group>"; };
		B425AC652252526000B02B77 /* Swift_SweetSugar.app */ = {isa = PBXFileReference; explicitFileType = wrapper.application; includeInIndex = 0; path = Swift_SweetSugar.app; sourceTree = BUILT_PRODUCTS_DIR; };
		B425AC682252526000B02B77 /* AppDelegate.swift */ = {isa = PBXFileReference; lastKnownFileType = sourcecode.swift; path = AppDelegate.swift; sourceTree = "<group>"; };
		B425AC6A2252526000B02B77 /* ViewController.swift */ = {isa = PBXFileReference; lastKnownFileType = sourcecode.swift; path = ViewController.swift; sourceTree = "<group>"; };
		B425AC6D2252526000B02B77 /* Base */ = {isa = PBXFileReference; lastKnownFileType = file.storyboard; name = Base; path = Base.lproj/Main.storyboard; sourceTree = "<group>"; };
		B425AC6F2252526200B02B77 /* Assets.xcassets */ = {isa = PBXFileReference; lastKnownFileType = folder.assetcatalog; path = Assets.xcassets; sourceTree = "<group>"; };
		B425AC722252526200B02B77 /* Base */ = {isa = PBXFileReference; lastKnownFileType = file.storyboard; name = Base; path = Base.lproj/LaunchScreen.storyboard; sourceTree = "<group>"; };
		B425AC742252526200B02B77 /* Info.plist */ = {isa = PBXFileReference; lastKnownFileType = text.plist.xml; path = Info.plist; sourceTree = "<group>"; };
		B425AC792252526200B02B77 /* Swift_SweetSugarTests.xctest */ = {isa = PBXFileReference; explicitFileType = wrapper.cfbundle; includeInIndex = 0; path = Swift_SweetSugarTests.xctest; sourceTree = BUILT_PRODUCTS_DIR; };
		B425AC7D2252526200B02B77 /* Swift_SweetSugarTests.swift */ = {isa = PBXFileReference; lastKnownFileType = sourcecode.swift; path = Swift_SweetSugarTests.swift; sourceTree = "<group>"; };
		B425AC7F2252526200B02B77 /* Info.plist */ = {isa = PBXFileReference; lastKnownFileType = text.plist.xml; path = Info.plist; sourceTree = "<group>"; };
		B425AC842252526200B02B77 /* Swift_SweetSugarUITests.xctest */ = {isa = PBXFileReference; explicitFileType = wrapper.cfbundle; includeInIndex = 0; path = Swift_SweetSugarUITests.xctest; sourceTree = BUILT_PRODUCTS_DIR; };
		B425AC882252526200B02B77 /* Swift_SweetSugarUITests.swift */ = {isa = PBXFileReference; lastKnownFileType = sourcecode.swift; path = Swift_SweetSugarUITests.swift; sourceTree = "<group>"; };
		B425AC8A2252526200B02B77 /* Info.plist */ = {isa = PBXFileReference; lastKnownFileType = text.plist.xml; path = Info.plist; sourceTree = "<group>"; };
		B425AC972252529A00B02B77 /* UIKit+Extension.swift */ = {isa = PBXFileReference; lastKnownFileType = sourcecode.swift; path = "UIKit+Extension.swift"; sourceTree = "<group>"; };
		B43DF3B9278B17C3009F3BE9 /* MMCurveView.swift */ = {isa = PBXFileReference; lastKnownFileType = sourcecode.swift; path = MMCurveView.swift; sourceTree = "<group>"; };
		B4417A3222CE42AC00818FA0 /* StringSolution.swift */ = {isa = PBXFileReference; lastKnownFileType = sourcecode.swift; path = StringSolution.swift; sourceTree = "<group>"; };
		B45763C6233A674E003AE3A5 /* TreeSolution.swift */ = {isa = PBXFileReference; lastKnownFileType = sourcecode.swift; path = TreeSolution.swift; sourceTree = "<group>"; };
		B45853542386D899005A4FFA /* LXDBacktraceLogger.m */ = {isa = PBXFileReference; fileEncoding = 4; lastKnownFileType = sourcecode.c.objc; path = LXDBacktraceLogger.m; sourceTree = "<group>"; };
		B45853552386D899005A4FFA /* LXDBacktraceLogger.h */ = {isa = PBXFileReference; fileEncoding = 4; lastKnownFileType = sourcecode.c.h; path = LXDBacktraceLogger.h; sourceTree = "<group>"; };
		B45853562386D899005A4FFA /* LXDAppFluecyMonitor.h */ = {isa = PBXFileReference; fileEncoding = 4; lastKnownFileType = sourcecode.c.h; path = LXDAppFluecyMonitor.h; sourceTree = "<group>"; };
		B45853572386D899005A4FFA /* LXDAppFluecyMonitor.m */ = {isa = PBXFileReference; fileEncoding = 4; lastKnownFileType = sourcecode.c.objc; path = LXDAppFluecyMonitor.m; sourceTree = "<group>"; };
		B458535D2386D8EB005A4FFA /* Swift-Sugar-Bridging-Header.h */ = {isa = PBXFileReference; lastKnownFileType = sourcecode.c.h; path = "Swift-Sugar-Bridging-Header.h"; sourceTree = "<group>"; };
		B45853622386D95E005A4FFA /* MonitorViewController.swift */ = {isa = PBXFileReference; lastKnownFileType = sourcecode.swift; path = MonitorViewController.swift; sourceTree = "<group>"; };
		B459B5EE22CCF0A700DEEA87 /* Solution.swift */ = {isa = PBXFileReference; lastKnownFileType = sourcecode.swift; path = Solution.swift; sourceTree = "<group>"; };
		B461A4C1234E3D660054B907 /* HeapModel.swift */ = {isa = PBXFileReference; lastKnownFileType = sourcecode.swift; path = HeapModel.swift; sourceTree = "<group>"; };
		B469D02D269D9C57001D7234 /* MMEmitterVC.swift */ = {isa = PBXFileReference; lastKnownFileType = sourcecode.swift; path = MMEmitterVC.swift; sourceTree = "<group>"; };
		B469D02E269D9C57001D7234 /* MMEmitterVC.xib */ = {isa = PBXFileReference; lastKnownFileType = file.xib; path = MMEmitterVC.xib; sourceTree = "<group>"; };
		B469D032269DBCDF001D7234 /* UIImage+Extension.swift */ = {isa = PBXFileReference; lastKnownFileType = sourcecode.swift; path = "UIImage+Extension.swift"; sourceTree = "<group>"; };
		B46FED51238C2FA30023F0FA /* GCDTest.swift */ = {isa = PBXFileReference; lastKnownFileType = sourcecode.swift; path = GCDTest.swift; sourceTree = "<group>"; };
		B47468EF26FED2F300C79F2C /* MMGraphic2VC.swift */ = {isa = PBXFileReference; lastKnownFileType = sourcecode.swift; path = MMGraphic2VC.swift; sourceTree = "<group>"; };
		B47468F026FED2F300C79F2C /* MMGraphic2VC.xib */ = {isa = PBXFileReference; lastKnownFileType = file.xib; path = MMGraphic2VC.xib; sourceTree = "<group>"; };
		B474765526948B2C006922D8 /* RPReplay.MP4 */ = {isa = PBXFileReference; lastKnownFileType = file; path = RPReplay.MP4; sourceTree = "<group>"; };
		B47F341F26608DEC00F46C90 /* MMWebViewController.swift */ = {isa = PBXFileReference; lastKnownFileType = sourcecode.swift; path = MMWebViewController.swift; sourceTree = "<group>"; };
		B47F342026608DEC00F46C90 /* MMWebViewController.xib */ = {isa = PBXFileReference; lastKnownFileType = file.xib; path = MMWebViewController.xib; sourceTree = "<group>"; };
		B47F39E5260DB6CF007592A1 /* WrapperTest.swift */ = {isa = PBXFileReference; lastKnownFileType = sourcecode.swift; path = WrapperTest.swift; sourceTree = "<group>"; };
		B480AD0C266882F600E53DED /* MMTextVC.swift */ = {isa = PBXFileReference; lastKnownFileType = sourcecode.swift; path = MMTextVC.swift; sourceTree = "<group>"; };
		B480AD0D266882F600E53DED /* MMTextVC.xib */ = {isa = PBXFileReference; lastKnownFileType = file.xib; path = MMTextVC.xib; sourceTree = "<group>"; };
		B48AEBC126F070BB000C513B /* MMDottedLine.swift */ = {isa = PBXFileReference; lastKnownFileType = sourcecode.swift; path = MMDottedLine.swift; sourceTree = "<group>"; };
		B495034926E1FF3800C10601 /* MMBaseNavigationController.swift */ = {isa = PBXFileReference; lastKnownFileType = sourcecode.swift; path = MMBaseNavigationController.swift; sourceTree = "<group>"; };
		B495034F26E2463C00C10601 /* MMGraphicViewController.swift */ = {isa = PBXFileReference; lastKnownFileType = sourcecode.swift; path = MMGraphicViewController.swift; sourceTree = "<group>"; };
		B495035026E2463C00C10601 /* MMGraphicViewController.xib */ = {isa = PBXFileReference; lastKnownFileType = file.xib; path = MMGraphicViewController.xib; sourceTree = "<group>"; };
		B49751C0269C1E08004445E4 /* MMPieChartView.swift */ = {isa = PBXFileReference; lastKnownFileType = sourcecode.swift; path = MMPieChartView.swift; sourceTree = "<group>"; };
		B49AA836276227CF00E41372 /* SafariTranslate.appex */ = {isa = PBXFileReference; explicitFileType = "wrapper.app-extension"; includeInIndex = 0; path = SafariTranslate.appex; sourceTree = BUILT_PRODUCTS_DIR; };
		B49AA838276227CF00E41372 /* SafariWebExtensionHandler.swift */ = {isa = PBXFileReference; lastKnownFileType = sourcecode.swift; path = SafariWebExtensionHandler.swift; sourceTree = "<group>"; };
		B49AA83B276227CF00E41372 /* _locales */ = {isa = PBXFileReference; lastKnownFileType = folder; path = _locales; sourceTree = "<group>"; };
		B49AA83D276227CF00E41372 /* images */ = {isa = PBXFileReference; lastKnownFileType = folder; path = images; sourceTree = "<group>"; };
		B49AA83F276227CF00E41372 /* manifest.json */ = {isa = PBXFileReference; lastKnownFileType = text.json; path = manifest.json; sourceTree = "<group>"; };
		B49AA841276227CF00E41372 /* background.js */ = {isa = PBXFileReference; lastKnownFileType = sourcecode.javascript; path = background.js; sourceTree = "<group>"; };
		B49AA843276227CF00E41372 /* content.js */ = {isa = PBXFileReference; lastKnownFileType = sourcecode.javascript; path = content.js; sourceTree = "<group>"; };
		B49AA845276227CF00E41372 /* popup.html */ = {isa = PBXFileReference; lastKnownFileType = text.html; path = popup.html; sourceTree = "<group>"; };
		B49AA847276227CF00E41372 /* popup.css */ = {isa = PBXFileReference; lastKnownFileType = text.css; path = popup.css; sourceTree = "<group>"; };
		B49AA849276227CF00E41372 /* popup.js */ = {isa = PBXFileReference; lastKnownFileType = sourcecode.javascript; path = popup.js; sourceTree = "<group>"; };
		B49AA84B276227CF00E41372 /* Info.plist */ = {isa = PBXFileReference; lastKnownFileType = text.plist.xml; path = Info.plist; sourceTree = "<group>"; };
		B49BAB7F2620223B0097DFC9 /* SingleViewCell.swift */ = {isa = PBXFileReference; lastKnownFileType = sourcecode.swift; path = SingleViewCell.swift; sourceTree = "<group>"; };
		B49BAB802620223B0097DFC9 /* SingleViewCell.xib */ = {isa = PBXFileReference; lastKnownFileType = file.xib; path = SingleViewCell.xib; sourceTree = "<group>"; };
		B49BAB88262022730097DFC9 /* CollectionViewController.swift */ = {isa = PBXFileReference; lastKnownFileType = sourcecode.swift; path = CollectionViewController.swift; sourceTree = "<group>"; };
		B49BAB89262022730097DFC9 /* CollectionViewController.xib */ = {isa = PBXFileReference; lastKnownFileType = file.xib; path = CollectionViewController.xib; sourceTree = "<group>"; };
		B49C47822739296B0041F245 /* MMShadowButton.swift */ = {isa = PBXFileReference; lastKnownFileType = sourcecode.swift; path = MMShadowButton.swift; sourceTree = "<group>"; };
		B49D61DB23390BA700ED9352 /* UIView+Extension.swift */ = {isa = PBXFileReference; fileEncoding = 4; lastKnownFileType = sourcecode.swift; path = "UIView+Extension.swift"; sourceTree = "<group>"; };
		B49D61DC23390BA700ED9352 /* DispatchTime+MM_Extension.swift */ = {isa = PBXFileReference; fileEncoding = 4; lastKnownFileType = sourcecode.swift; path = "DispatchTime+MM_Extension.swift"; sourceTree = "<group>"; };
		B49DC0DE2681805A009DE0FB /* MMLayerAnimationVC.swift */ = {isa = PBXFileReference; lastKnownFileType = sourcecode.swift; path = MMLayerAnimationVC.swift; sourceTree = "<group>"; };
		B49DC0DF2681805A009DE0FB /* MMLayerAnimationVC.xib */ = {isa = PBXFileReference; lastKnownFileType = file.xib; path = MMLayerAnimationVC.xib; sourceTree = "<group>"; };
		B49E854B26A12B9C006E49E2 /* com.mm.test.demo.plist */ = {isa = PBXFileReference; lastKnownFileType = text.plist.xml; path = com.mm.test.demo.plist; sourceTree = "<group>"; };
		B4A17DDF2669D5EF0030E40D /* MMAuthorizationVC.swift */ = {isa = PBXFileReference; lastKnownFileType = sourcecode.swift; path = MMAuthorizationVC.swift; sourceTree = "<group>"; };
		B4A17DE22669FA870030E40D /* MMTableViewVC.swift */ = {isa = PBXFileReference; lastKnownFileType = sourcecode.swift; path = MMTableViewVC.swift; sourceTree = "<group>"; };
		B4A17DE32669FA870030E40D /* MMTableViewVC.xib */ = {isa = PBXFileReference; lastKnownFileType = file.xib; path = MMTableViewVC.xib; sourceTree = "<group>"; };
		B4A308E726CA781800500055 /* MMPoint.swift */ = {isa = PBXFileReference; lastKnownFileType = sourcecode.swift; path = MMPoint.swift; sourceTree = "<group>"; };
		B4A3624F24889B26006696C3 /* MMDispatchTimer.swift */ = {isa = PBXFileReference; fileEncoding = 4; lastKnownFileType = sourcecode.swift; path = MMDispatchTimer.swift; sourceTree = "<group>"; };
		B4A4510827674C8B005AC2E4 /* result.json */ = {isa = PBXFileReference; lastKnownFileType = text.json; path = result.json; sourceTree = "<group>"; };
		B4A7E0BE277303FE0091687C /* MMListUpdateViewController.swift */ = {isa = PBXFileReference; lastKnownFileType = sourcecode.swift; path = MMListUpdateViewController.swift; sourceTree = "<group>"; };
		B4A7E0BF277303FE0091687C /* MMListUpdateViewController.xib */ = {isa = PBXFileReference; lastKnownFileType = file.xib; path = MMListUpdateViewController.xib; sourceTree = "<group>"; };
		B4A936952689ADD7001E181B /* MMControlView.swift */ = {isa = PBXFileReference; lastKnownFileType = sourcecode.swift; path = MMControlView.swift; sourceTree = "<group>"; };
		B4A936982689B129001E181B /* MMCustomView.swift */ = {isa = PBXFileReference; lastKnownFileType = sourcecode.swift; path = MMCustomView.swift; sourceTree = "<group>"; };
		B4A9369A2689B6E9001E181B /* MMButton.swift */ = {isa = PBXFileReference; lastKnownFileType = sourcecode.swift; path = MMButton.swift; sourceTree = "<group>"; };
		B4AC61512732374200B76990 /* YDCustomButton.swift */ = {isa = PBXFileReference; fileEncoding = 4; lastKnownFileType = sourcecode.swift; path = YDCustomButton.swift; sourceTree = "<group>"; };
		B4AC6154273237A700B76990 /* Foundation+Extension.swift */ = {isa = PBXFileReference; lastKnownFileType = sourcecode.swift; path = "Foundation+Extension.swift"; sourceTree = "<group>"; };
		B4B4346E2701701100F7FAD4 /* UIDevice+Extension.swift */ = {isa = PBXFileReference; lastKnownFileType = sourcecode.swift; path = "UIDevice+Extension.swift"; sourceTree = "<group>"; };
		B4B43472270170CC00F7FAD4 /* MMIpadController.swift */ = {isa = PBXFileReference; lastKnownFileType = sourcecode.swift; path = MMIpadController.swift; sourceTree = "<group>"; };
		B4B43473270170CC00F7FAD4 /* MMIpadController.xib */ = {isa = PBXFileReference; lastKnownFileType = file.xib; path = MMIpadController.xib; sourceTree = "<group>"; };
		B4B434762701ADA900F7FAD4 /* MMFuncTool.swift */ = {isa = PBXFileReference; lastKnownFileType = sourcecode.swift; path = MMFuncTool.swift; sourceTree = "<group>"; };
		B4B4347D2701CB9C00F7FAD4 /* MMCoreTextVC.swift */ = {isa = PBXFileReference; lastKnownFileType = sourcecode.swift; path = MMCoreTextVC.swift; sourceTree = "<group>"; };
		B4B4347E2701CB9C00F7FAD4 /* MMCoreTextVC.xib */ = {isa = PBXFileReference; lastKnownFileType = file.xib; path = MMCoreTextVC.xib; sourceTree = "<group>"; };
		B4B69E74233E55950061AF93 /* BaseSort.swift */ = {isa = PBXFileReference; lastKnownFileType = sourcecode.swift; path = BaseSort.swift; sourceTree = "<group>"; };
		B4B69E77233E55D40061AF93 /* CreateTool.swift */ = {isa = PBXFileReference; lastKnownFileType = sourcecode.swift; path = CreateTool.swift; sourceTree = "<group>"; };
		B4B6FDAE26CE6D6400C57423 /* MMStackCollectionViewLayout.swift */ = {isa = PBXFileReference; lastKnownFileType = sourcecode.swift; path = MMStackCollectionViewLayout.swift; sourceTree = "<group>"; };
		B4BE2D3826171E9600E84967 /* SubProject_1.xcodeproj */ = {isa = PBXFileReference; lastKnownFileType = "wrapper.pb-project"; name = SubProject_1.xcodeproj; path = SubProject_1/SubProject_1.xcodeproj; sourceTree = "<group>"; };
		B4C06FE827423CDA00681C95 /* anim_search_loop_light.json */ = {isa = PBXFileReference; fileEncoding = 4; lastKnownFileType = text.json; path = anim_search_loop_light.json; sourceTree = "<group>"; };
		B4C06FED274251F800681C95 /* UIImageView+Extension.swift */ = {isa = PBXFileReference; lastKnownFileType = sourcecode.swift; path = "UIImageView+Extension.swift"; sourceTree = "<group>"; };
		B4C10E5626D9102600AEF417 /* MMSimpleModel.swift */ = {isa = PBXFileReference; lastKnownFileType = sourcecode.swift; path = MMSimpleModel.swift; sourceTree = "<group>"; };
		B4C194BF2772C8670019553E /* MMSingleLabelTableCell.swift */ = {isa = PBXFileReference; lastKnownFileType = sourcecode.swift; path = MMSingleLabelTableCell.swift; sourceTree = "<group>"; };
		B4C194C02772C8670019553E /* MMSingleLabelTableCell.xib */ = {isa = PBXFileReference; lastKnownFileType = file.xib; path = MMSingleLabelTableCell.xib; sourceTree = "<group>"; };
		B4C194C42772F0FB0019553E /* MMTableViewAdapt.swift */ = {isa = PBXFileReference; lastKnownFileType = sourcecode.swift; path = MMTableViewAdapt.swift; sourceTree = "<group>"; };
		B4C4E3A12710671100387B97 /* MMTextView.swift */ = {isa = PBXFileReference; lastKnownFileType = sourcecode.swift; path = MMTextView.swift; sourceTree = "<group>"; };
		B4C51C13279149CE00F56FEC /* MMSunMoonView.swift */ = {isa = PBXFileReference; lastKnownFileType = sourcecode.swift; path = MMSunMoonView.swift; sourceTree = "<group>"; };
		B4C6046B277AC72500EA287E /* Structured.swift */ = {isa = PBXFileReference; lastKnownFileType = sourcecode.swift; path = Structured.swift; sourceTree = "<group>"; };
		B4C6AA0C261D9A9800D4B243 /* GestureTestVC.swift */ = {isa = PBXFileReference; lastKnownFileType = sourcecode.swift; path = GestureTestVC.swift; sourceTree = "<group>"; };
		B4C6AA0D261D9A9800D4B243 /* GestureTestVC.xib */ = {isa = PBXFileReference; lastKnownFileType = file.xib; path = GestureTestVC.xib; sourceTree = "<group>"; };
		B4C6AA17261D9CE000D4B243 /* MMTouchView.swift */ = {isa = PBXFileReference; lastKnownFileType = sourcecode.swift; path = MMTouchView.swift; sourceTree = "<group>"; };
		B4CC274B261D8D9600472318 /* Kingfisher.framework */ = {isa = PBXFileReference; explicitFileType = wrapper.framework; path = Kingfisher.framework; sourceTree = BUILT_PRODUCTS_DIR; };
		C2ACA8F3D60150B1196BFC32 /* Pods-Swift_SweetSugar.debug.xcconfig */ = {isa = PBXFileReference; includeInIndex = 1; lastKnownFileType = text.xcconfig; name = "Pods-Swift_SweetSugar.debug.xcconfig"; path = "Target Support Files/Pods-Swift_SweetSugar/Pods-Swift_SweetSugar.debug.xcconfig"; sourceTree = "<group>"; };
		D7F28C83142AE50A58FF1D0E /* Pods_Swift_SweetSugar.framework */ = {isa = PBXFileReference; explicitFileType = wrapper.framework; includeInIndex = 0; path = Pods_Swift_SweetSugar.framework; sourceTree = BUILT_PRODUCTS_DIR; };
		DF0D36E7235D705C006EE6D5 /* LeeCodeTrueSubject.swift */ = {isa = PBXFileReference; lastKnownFileType = sourcecode.swift; path = LeeCodeTrueSubject.swift; sourceTree = "<group>"; };
		DF128F3C232F2C5A00491475 /* Date+MM_Extension.swift */ = {isa = PBXFileReference; fileEncoding = 4; lastKnownFileType = sourcecode.swift; path = "Date+MM_Extension.swift"; sourceTree = "<group>"; };
		DF128F3E232F2FF900491475 /* CommonModel.swift */ = {isa = PBXFileReference; lastKnownFileType = sourcecode.swift; path = CommonModel.swift; sourceTree = "<group>"; };
		DF2ED5D7238546F7001617F8 /* Stack.swift */ = {isa = PBXFileReference; lastKnownFileType = sourcecode.swift; path = Stack.swift; sourceTree = "<group>"; };
		DF2ED5D923854856001617F8 /* Queue.swift */ = {isa = PBXFileReference; lastKnownFileType = sourcecode.swift; path = Queue.swift; sourceTree = "<group>"; };
		DF2ED5DB2386219A001617F8 /* QuickSort.swift */ = {isa = PBXFileReference; lastKnownFileType = sourcecode.swift; path = QuickSort.swift; sourceTree = "<group>"; };
		DF2ED5F02387BCB7001617F8 /* MergeSort.swift */ = {isa = PBXFileReference; lastKnownFileType = sourcecode.swift; path = MergeSort.swift; sourceTree = "<group>"; };
		DF2ED5F42387C31F001617F8 /* Sort.swift */ = {isa = PBXFileReference; lastKnownFileType = sourcecode.swift; path = Sort.swift; sourceTree = "<group>"; };
		DF68A8E3238BB3E900610380 /* InsetrumentDemo.instrdst */ = {isa = PBXFileReference; explicitFileType = com.apple.instruments.instrdst; includeInIndex = 0; path = InsetrumentDemo.instrdst; sourceTree = BUILT_PRODUCTS_DIR; };
		DF68A8E5238BB3E900610380 /* InsetrumentDemo.instrpkg */ = {isa = PBXFileReference; lastKnownFileType = "com.apple.instruments.package-definition"; path = InsetrumentDemo.instrpkg; sourceTree = "<group>"; };
		DF9227E622CB07A600ABB221 /* UIColor+MM_Extension.swift */ = {isa = PBXFileReference; lastKnownFileType = sourcecode.swift; path = "UIColor+MM_Extension.swift"; sourceTree = "<group>"; };
		DFF332A92328C5DE0015295C /* Bundle+MM_extension.swift */ = {isa = PBXFileReference; lastKnownFileType = sourcecode.swift; path = "Bundle+MM_extension.swift"; sourceTree = "<group>"; };
		E91559239FA7BD9C330F7798 /* Pods-Swift_SweetSugar.release.xcconfig */ = {isa = PBXFileReference; includeInIndex = 1; lastKnownFileType = text.xcconfig; name = "Pods-Swift_SweetSugar.release.xcconfig"; path = "Target Support Files/Pods-Swift_SweetSugar/Pods-Swift_SweetSugar.release.xcconfig"; sourceTree = "<group>"; };
		EF72E443349B2F9714AEBC68 /* Pods-Swift_SweetSugar-Swift_SweetSugarUITests.release.xcconfig */ = {isa = PBXFileReference; includeInIndex = 1; lastKnownFileType = text.xcconfig; name = "Pods-Swift_SweetSugar-Swift_SweetSugarUITests.release.xcconfig"; path = "Target Support Files/Pods-Swift_SweetSugar-Swift_SweetSugarUITests/Pods-Swift_SweetSugar-Swift_SweetSugarUITests.release.xcconfig"; sourceTree = "<group>"; };
/* End PBXFileReference section */

/* Begin PBXFrameworksBuildPhase section */
		7D5188FF9932A09DA3DCCDA3 /* Frameworks */ = {
			isa = PBXFrameworksBuildPhase;
			buildActionMask = 2147483647;
			files = (
			);
			runOnlyForDeploymentPostprocessing = 0;
		};
		B425AC622252526000B02B77 /* Frameworks */ = {
			isa = PBXFrameworksBuildPhase;
			buildActionMask = 2147483647;
			files = (
				B4A4510727674BB1005AC2E4 /* SwiftyJSON in Frameworks */,
				E2F379AE7FBB9740FD285199 /* Pods_Swift_SweetSugar.framework in Frameworks */,
				B4BE2D4B26171F7300E84967 /* SubProject_1.framework in Frameworks */,
			);
			runOnlyForDeploymentPostprocessing = 0;
		};
		B425AC762252526200B02B77 /* Frameworks */ = {
			isa = PBXFrameworksBuildPhase;
			buildActionMask = 2147483647;
			files = (
				A0396A2258FA5779AF29F082 /* Pods_Swift_SweetSugarTests.framework in Frameworks */,
			);
			runOnlyForDeploymentPostprocessing = 0;
		};
		B425AC812252526200B02B77 /* Frameworks */ = {
			isa = PBXFrameworksBuildPhase;
			buildActionMask = 2147483647;
			files = (
				28A507479ECE4589E15E1031 /* Pods_Swift_SweetSugar_Swift_SweetSugarUITests.framework in Frameworks */,
			);
			runOnlyForDeploymentPostprocessing = 0;
		};
		B49AA833276227CF00E41372 /* Frameworks */ = {
			isa = PBXFrameworksBuildPhase;
			buildActionMask = 2147483647;
			files = (
			);
			runOnlyForDeploymentPostprocessing = 0;
		};
/* End PBXFrameworksBuildPhase section */

/* Begin PBXGroup section */
		4E6714CB298AA82AC607BC91 /* Pods */ = {
			isa = PBXGroup;
			children = (
				C2ACA8F3D60150B1196BFC32 /* Pods-Swift_SweetSugar.debug.xcconfig */,
				E91559239FA7BD9C330F7798 /* Pods-Swift_SweetSugar.release.xcconfig */,
				2028267AE1A8AD89F66A9103 /* Pods-Swift_SweetSugar-Swift_SweetSugarUITests.debug.xcconfig */,
				EF72E443349B2F9714AEBC68 /* Pods-Swift_SweetSugar-Swift_SweetSugarUITests.release.xcconfig */,
				673050F51396BFDC2DD7DD6F /* Pods-Swift_SweetSugarTests.debug.xcconfig */,
				5517FE394A1BE726129E9488 /* Pods-Swift_SweetSugarTests.release.xcconfig */,
			);
			path = Pods;
			sourceTree = "<group>";
		};
		A4A95448E64B4A94ABF19911 /* Frameworks */ = {
			isa = PBXGroup;
			children = (
				B4CC274B261D8D9600472318 /* Kingfisher.framework */,
				D7F28C83142AE50A58FF1D0E /* Pods_Swift_SweetSugar.framework */,
				5B848029ED193933CC2D84BE /* Pods_Swift_SweetSugar_Swift_SweetSugarUITests.framework */,
				2941FEBD81CA692F50BC3FD2 /* Pods_Swift_SweetSugarTests.framework */,
			);
			name = Frameworks;
			sourceTree = "<group>";
		};
		B4063D59260B49B800F3135E /* TestVC */ = {
			isa = PBXGroup;
			children = (
				B4B4347B2701CB8300F7FAD4 /* CoreText */,
				B4B43471270170B300F7FAD4 /* iPad */,
				B495034D26E2461600C10601 /* Graphic */,
				B4C10E5426D9100F00AEF417 /* Model */,
				B469D02B269D9C06001D7234 /* 粒子 */,
				B49DC0DC2681803F009DE0FB /* CoreAnimation */,
				B4A17DE12669FA760030E40D /* Tableview */,
				B4A17DDD2669D5D20030E40D /* Authorization */,
				B480AD05266882C700E53DED /* TextKit */,
				B47F341D26608DC900F46C90 /* Webview */,
				B49BAB872620225B0097DFC9 /* Collection测试 */,
				B4C6AA0A261D9A8700D4B243 /* Gesture */,
				B4063DAB260B633500F3135E /* Func测试 */,
				B4063D98260B609F00F3135E /* UI测试 */,
				B4063D85260B52EC00F3135E /* View */,
				B4063D6C260B4E2800F3135E /* HomeListItem.swift */,
				B4063D64260B4D7100F3135E /* HomeListVC.swift */,
				B49E854B26A12B9C006E49E2 /* com.mm.test.demo.plist */,
				B4063D65260B4D7100F3135E /* HomeListVC.xib */,
				B4063D72260B4F1300F3135E /* home_list.plist */,
			);
			path = TestVC;
			sourceTree = "<group>";
		};
		B4063D85260B52EC00F3135E /* View */ = {
			isa = PBXGroup;
			children = (
				B4063D86260B530C00F3135E /* HomeListItemCell.swift */,
				B4063D87260B530C00F3135E /* HomeListItemCell.xib */,
				B49BAB7F2620223B0097DFC9 /* SingleViewCell.swift */,
				B49BAB802620223B0097DFC9 /* SingleViewCell.xib */,
			);
			path = View;
			sourceTree = "<group>";
		};
		B4063D98260B609F00F3135E /* UI测试 */ = {
			isa = PBXGroup;
			children = (
				B480D0C32615CEA300965530 /* View */,
				B4063D99260B60C100F3135E /* UITestVC.swift */,
				B4063D9A260B60C100F3135E /* UITestVC.xib */,
			);
			path = "UI测试";
			sourceTree = "<group>";
		};
		B4063DAB260B633500F3135E /* Func测试 */ = {
			isa = PBXGroup;
			children = (
				B47F39E4260DB6AF007592A1 /* Test */,
				B4063DAC260B637500F3135E /* FuncTestVC.swift */,
				B4063DAD260B637500F3135E /* FuncTestVC.xib */,
			);
			path = "Func测试";
			sourceTree = "<group>";
		};
		B422B29525A3165F00293646 /* FileTool */ = {
			isa = PBXGroup;
			children = (
				B422B29625A3167200293646 /* MMFileTest.swift */,
			);
			path = FileTool;
			sourceTree = "<group>";
		};
		B425AC5C2252526000B02B77 = {
			isa = PBXGroup;
			children = (
				B4BE2D3826171E9600E84967 /* SubProject_1.xcodeproj */,
				B425AC672252526000B02B77 /* Swift_SweetSugar */,
				B425AC7C2252526200B02B77 /* Swift_SweetSugarTests */,
				B425AC872252526200B02B77 /* Swift_SweetSugarUITests */,
				DF68A8E4238BB3E900610380 /* InsetrumentDemo */,
				B49AA837276227CF00E41372 /* SafariTranslate */,
				B425AC662252526000B02B77 /* Products */,
				4E6714CB298AA82AC607BC91 /* Pods */,
				A4A95448E64B4A94ABF19911 /* Frameworks */,
			);
			sourceTree = "<group>";
		};
		B425AC662252526000B02B77 /* Products */ = {
			isa = PBXGroup;
			children = (
				B425AC652252526000B02B77 /* Swift_SweetSugar.app */,
				B425AC792252526200B02B77 /* Swift_SweetSugarTests.xctest */,
				B425AC842252526200B02B77 /* Swift_SweetSugarUITests.xctest */,
				DF68A8E3238BB3E900610380 /* InsetrumentDemo.instrdst */,
				B49AA836276227CF00E41372 /* SafariTranslate.appex */,
			);
			name = Products;
			sourceTree = "<group>";
		};
		B425AC672252526000B02B77 /* Swift_SweetSugar */ = {
			isa = PBXGroup;
			children = (
				B4C06FE627423CCC00681C95 /* resource */,
				B474765526948B2C006922D8 /* RPReplay.MP4 */,
				B4063D59260B49B800F3135E /* TestVC */,
				B422B29525A3165F00293646 /* FileTool */,
				B4A3625124889B2A006696C3 /* Component */,
				B46FED50238C2F6B0023F0FA /* GCDTest */,
				B458535E2386D92F005A4FFA /* OtherVC */,
				B458535D2386D8EB005A4FFA /* Swift-Sugar-Bridging-Header.h */,
				B45853522386D899005A4FFA /* LXDAppFluecyMonitor */,
				B459B5ED22CCF08100DEEA87 /* Algorithm */,
				B425AC962252526800B02B77 /* Extension */,
				B425AC682252526000B02B77 /* AppDelegate.swift */,
				B425AC6A2252526000B02B77 /* ViewController.swift */,
				B425AC6C2252526000B02B77 /* Main.storyboard */,
				B425AC6F2252526200B02B77 /* Assets.xcassets */,
				B425AC712252526200B02B77 /* LaunchScreen.storyboard */,
				B425AC742252526200B02B77 /* Info.plist */,
			);
			path = Swift_SweetSugar;
			sourceTree = "<group>";
		};
		B425AC7C2252526200B02B77 /* Swift_SweetSugarTests */ = {
			isa = PBXGroup;
			children = (
				B425AC7D2252526200B02B77 /* Swift_SweetSugarTests.swift */,
				B425AC7F2252526200B02B77 /* Info.plist */,
			);
			path = Swift_SweetSugarTests;
			sourceTree = "<group>";
		};
		B425AC872252526200B02B77 /* Swift_SweetSugarUITests */ = {
			isa = PBXGroup;
			children = (
				B425AC882252526200B02B77 /* Swift_SweetSugarUITests.swift */,
				B425AC8A2252526200B02B77 /* Info.plist */,
			);
			path = Swift_SweetSugarUITests;
			sourceTree = "<group>";
		};
		B425AC962252526800B02B77 /* Extension */ = {
			isa = PBXGroup;
			children = (
				B422B2A425A3194500293646 /* String+Extension.swift */,
				B49D61DC23390BA700ED9352 /* DispatchTime+MM_Extension.swift */,
				B49D61DB23390BA700ED9352 /* UIView+Extension.swift */,
				DF128F3C232F2C5A00491475 /* Date+MM_Extension.swift */,
				B425AC972252529A00B02B77 /* UIKit+Extension.swift */,
				DF9227E622CB07A600ABB221 /* UIColor+MM_Extension.swift */,
				DFF332A92328C5DE0015295C /* Bundle+MM_extension.swift */,
				B4063D92260B546500F3135E /* UITableViewCell+Extension.swift */,
				B4063DA5260B618A00F3135E /* ConstParams.swift */,
				B469D032269DBCDF001D7234 /* UIImage+Extension.swift */,
				B4B4346E2701701100F7FAD4 /* UIDevice+Extension.swift */,
				B4AC6154273237A700B76990 /* Foundation+Extension.swift */,
				B4C06FED274251F800681C95 /* UIImageView+Extension.swift */,
			);
			path = Extension;
			sourceTree = "<group>";
		};
		B45763C8233A68D6003AE3A5 /* Model */ = {
			isa = PBXGroup;
			children = (
				DF128F3E232F2FF900491475 /* CommonModel.swift */,
				B461A4C1234E3D660054B907 /* HeapModel.swift */,
				DF2ED5D7238546F7001617F8 /* Stack.swift */,
				DF2ED5D923854856001617F8 /* Queue.swift */,
			);
			path = Model;
			sourceTree = "<group>";
		};
		B45853522386D899005A4FFA /* LXDAppFluecyMonitor */ = {
			isa = PBXGroup;
			children = (
				B45853532386D899005A4FFA /* Backtrace */,
				B45853562386D899005A4FFA /* LXDAppFluecyMonitor.h */,
				B45853572386D899005A4FFA /* LXDAppFluecyMonitor.m */,
			);
			path = LXDAppFluecyMonitor;
			sourceTree = "<group>";
		};
		B45853532386D899005A4FFA /* Backtrace */ = {
			isa = PBXGroup;
			children = (
				B45853542386D899005A4FFA /* LXDBacktraceLogger.m */,
				B45853552386D899005A4FFA /* LXDBacktraceLogger.h */,
			);
			path = Backtrace;
			sourceTree = "<group>";
		};
		B458535E2386D92F005A4FFA /* OtherVC */ = {
			isa = PBXGroup;
			children = (
				B45853622386D95E005A4FFA /* MonitorViewController.swift */,
			);
			path = OtherVC;
			sourceTree = "<group>";
		};
		B459B5ED22CCF08100DEEA87 /* Algorithm */ = {
			isa = PBXGroup;
			children = (
				DF2ED5EF2387BCA7001617F8 /* Sort */,
				DF0D36E6235D701B006EE6D5 /* 动态规划 */,
				B4B69E76233E55BD0061AF93 /* Tool */,
				B45763C8233A68D6003AE3A5 /* Model */,
				B459B5EE22CCF0A700DEEA87 /* Solution.swift */,
				B4417A3222CE42AC00818FA0 /* StringSolution.swift */,
				B45763C6233A674E003AE3A5 /* TreeSolution.swift */,
				B4B69E74233E55950061AF93 /* BaseSort.swift */,
			);
			path = Algorithm;
			sourceTree = "<group>";
		};
		B469D02B269D9C06001D7234 /* 粒子 */ = {
			isa = PBXGroup;
			children = (
				B469D02D269D9C57001D7234 /* MMEmitterVC.swift */,
				B469D02E269D9C57001D7234 /* MMEmitterVC.xib */,
			);
			path = "粒子";
			sourceTree = "<group>";
		};
		B46FED50238C2F6B0023F0FA /* GCDTest */ = {
			isa = PBXGroup;
			children = (
				B46FED51238C2FA30023F0FA /* GCDTest.swift */,
			);
			path = GCDTest;
			sourceTree = "<group>";
		};
		B47468ED26FED2D000C79F2C /* Graphic_2 */ = {
			isa = PBXGroup;
			children = (
				B47468EF26FED2F300C79F2C /* MMGraphic2VC.swift */,
				B47468F026FED2F300C79F2C /* MMGraphic2VC.xib */,
			);
			path = Graphic_2;
			sourceTree = "<group>";
		};
		B47F341D26608DC900F46C90 /* Webview */ = {
			isa = PBXGroup;
			children = (
				B47F341F26608DEC00F46C90 /* MMWebViewController.swift */,
				B47F342026608DEC00F46C90 /* MMWebViewController.xib */,
			);
			path = Webview;
			sourceTree = "<group>";
		};
		B47F39E4260DB6AF007592A1 /* Test */ = {
			isa = PBXGroup;
			children = (
				B47F39E5260DB6CF007592A1 /* WrapperTest.swift */,
				B4A308E726CA781800500055 /* MMPoint.swift */,
				B4B434762701ADA900F7FAD4 /* MMFuncTool.swift */,
				B4A4510827674C8B005AC2E4 /* result.json */,
				B4C6046B277AC72500EA287E /* Structured.swift */,
			);
			path = Test;
			sourceTree = "<group>";
		};
		B480AD05266882C700E53DED /* TextKit */ = {
			isa = PBXGroup;
			children = (
				B480AD0C266882F600E53DED /* MMTextVC.swift */,
				B480AD0D266882F600E53DED /* MMTextVC.xib */,
			);
			path = TextKit;
			sourceTree = "<group>";
		};
		B480D0C32615CEA300965530 /* View */ = {
			isa = PBXGroup;
			children = (
				B49C47822739296B0041F245 /* MMShadowButton.swift */,
			);
			path = View;
			sourceTree = "<group>";
		};
		B495034D26E2461600C10601 /* Graphic */ = {
			isa = PBXGroup;
			children = (
				B4C51C11279149BA00F56FEC /* SunMoon */,
				B47468ED26FED2D000C79F2C /* Graphic_2 */,
				B495034F26E2463C00C10601 /* MMGraphicViewController.swift */,
				B495035026E2463C00C10601 /* MMGraphicViewController.xib */,
				B48AEBC126F070BB000C513B /* MMDottedLine.swift */,
				B43DF3B9278B17C3009F3BE9 /* MMCurveView.swift */,
				B49751C0269C1E08004445E4 /* MMPieChartView.swift */,
			);
			path = Graphic;
			sourceTree = "<group>";
		};
		B49AA837276227CF00E41372 /* SafariTranslate */ = {
			isa = PBXGroup;
			children = (
				B49AA838276227CF00E41372 /* SafariWebExtensionHandler.swift */,
				B49AA84B276227CF00E41372 /* Info.plist */,
				B49AA83A276227CF00E41372 /* Resources */,
			);
			path = SafariTranslate;
			sourceTree = "<group>";
		};
		B49AA83A276227CF00E41372 /* Resources */ = {
			isa = PBXGroup;
			children = (
				B49AA83B276227CF00E41372 /* _locales */,
				B49AA83D276227CF00E41372 /* images */,
				B49AA83F276227CF00E41372 /* manifest.json */,
				B49AA841276227CF00E41372 /* background.js */,
				B49AA843276227CF00E41372 /* content.js */,
				B49AA845276227CF00E41372 /* popup.html */,
				B49AA847276227CF00E41372 /* popup.css */,
				B49AA849276227CF00E41372 /* popup.js */,
			);
			path = Resources;
			sourceTree = "<group>";
		};
		B49BAB872620225B0097DFC9 /* Collection测试 */ = {
			isa = PBXGroup;
			children = (
				B49BAB88262022730097DFC9 /* CollectionViewController.swift */,
				B49BAB89262022730097DFC9 /* CollectionViewController.xib */,
				B4B6FDAE26CE6D6400C57423 /* MMStackCollectionViewLayout.swift */,
			);
			path = "Collection测试";
			sourceTree = "<group>";
		};
		B49DC0DC2681803F009DE0FB /* CoreAnimation */ = {
			isa = PBXGroup;
			children = (
				B49DC0DE2681805A009DE0FB /* MMLayerAnimationVC.swift */,
				B49DC0DF2681805A009DE0FB /* MMLayerAnimationVC.xib */,
			);
			path = CoreAnimation;
			sourceTree = "<group>";
		};
		B4A17DDD2669D5D20030E40D /* Authorization */ = {
			isa = PBXGroup;
			children = (
				B4A17DDF2669D5EF0030E40D /* MMAuthorizationVC.swift */,
			);
			path = Authorization;
			sourceTree = "<group>";
		};
		B4A17DE12669FA760030E40D /* Tableview */ = {
			isa = PBXGroup;
			children = (
				B4A7E0BC277303DC0091687C /* List */,
				B4A17DE22669FA870030E40D /* MMTableViewVC.swift */,
				B4A17DE32669FA870030E40D /* MMTableViewVC.xib */,
				B4C194BF2772C8670019553E /* MMSingleLabelTableCell.swift */,
				B4C194C02772C8670019553E /* MMSingleLabelTableCell.xib */,
				B4C194C42772F0FB0019553E /* MMTableViewAdapt.swift */,
			);
			path = Tableview;
			sourceTree = "<group>";
		};
		B4A3624E24889B26006696C3 /* Timer */ = {
			isa = PBXGroup;
			children = (
				B4A3624F24889B26006696C3 /* MMDispatchTimer.swift */,
			);
			path = Timer;
			sourceTree = "<group>";
		};
		B4A3625124889B2A006696C3 /* Component */ = {
			isa = PBXGroup;
			children = (
				B4AC61512732374200B76990 /* YDCustomButton.swift */,
				B422B28F25A3158800293646 /* MMFileManager.swift */,
				B4A3624E24889B26006696C3 /* Timer */,
				B495034926E1FF3800C10601 /* MMBaseNavigationController.swift */,
			);
			path = Component;
			sourceTree = "<group>";
		};
		B4A7E0BC277303DC0091687C /* List */ = {
			isa = PBXGroup;
			children = (
				B4A7E0BE277303FE0091687C /* MMListUpdateViewController.swift */,
				B4A7E0BF277303FE0091687C /* MMListUpdateViewController.xib */,
			);
			path = List;
			sourceTree = "<group>";
		};
		B4B43471270170B300F7FAD4 /* iPad */ = {
			isa = PBXGroup;
			children = (
				B4B43472270170CC00F7FAD4 /* MMIpadController.swift */,
				B4B43473270170CC00F7FAD4 /* MMIpadController.xib */,
			);
			path = iPad;
			sourceTree = "<group>";
		};
		B4B4347B2701CB8300F7FAD4 /* CoreText */ = {
			isa = PBXGroup;
			children = (
				B4B4347D2701CB9C00F7FAD4 /* MMCoreTextVC.swift */,
				B4B4347E2701CB9C00F7FAD4 /* MMCoreTextVC.xib */,
				B4C4E3A12710671100387B97 /* MMTextView.swift */,
			);
			path = CoreText;
			sourceTree = "<group>";
		};
		B4B69E76233E55BD0061AF93 /* Tool */ = {
			isa = PBXGroup;
			children = (
				B4B69E77233E55D40061AF93 /* CreateTool.swift */,
			);
			path = Tool;
			sourceTree = "<group>";
		};
		B4BE2D3926171E9600E84967 /* Products */ = {
			isa = PBXGroup;
			children = (
				B4BE2D3D26171E9600E84967 /* SubProject_1.framework */,
			);
			name = Products;
			sourceTree = "<group>";
		};
		B4C06FE627423CCC00681C95 /* resource */ = {
			isa = PBXGroup;
			children = (
				B4C06FE827423CDA00681C95 /* anim_search_loop_light.json */,
			);
			path = resource;
			sourceTree = "<group>";
		};
		B4C10E5426D9100F00AEF417 /* Model */ = {
			isa = PBXGroup;
			children = (
				B4C10E5626D9102600AEF417 /* MMSimpleModel.swift */,
			);
			path = Model;
			sourceTree = "<group>";
		};
		B4C51C11279149BA00F56FEC /* SunMoon */ = {
			isa = PBXGroup;
			children = (
				B4C51C13279149CE00F56FEC /* MMSunMoonView.swift */,
			);
			name = SunMoon;
			sourceTree = "<group>";
		};
		B4C6AA0A261D9A8700D4B243 /* Gesture */ = {
			isa = PBXGroup;
			children = (
				B4C6AA16261D9CCD00D4B243 /* TouchView */,
				B4C6AA0C261D9A9800D4B243 /* GestureTestVC.swift */,
				B4C6AA0D261D9A9800D4B243 /* GestureTestVC.xib */,
			);
			path = Gesture;
			sourceTree = "<group>";
		};
		B4C6AA16261D9CCD00D4B243 /* TouchView */ = {
			isa = PBXGroup;
			children = (
				B4C6AA17261D9CE000D4B243 /* MMTouchView.swift */,
				B4A936952689ADD7001E181B /* MMControlView.swift */,
				B4A936982689B129001E181B /* MMCustomView.swift */,
				B4A9369A2689B6E9001E181B /* MMButton.swift */,
			);
			path = TouchView;
			sourceTree = "<group>";
		};
		DF0D36E6235D701B006EE6D5 /* 动态规划 */ = {
			isa = PBXGroup;
			children = (
				DF0D36E7235D705C006EE6D5 /* LeeCodeTrueSubject.swift */,
			);
			path = "动态规划";
			sourceTree = "<group>";
		};
		DF2ED5EF2387BCA7001617F8 /* Sort */ = {
			isa = PBXGroup;
			children = (
				DF2ED5DB2386219A001617F8 /* QuickSort.swift */,
				DF2ED5F02387BCB7001617F8 /* MergeSort.swift */,
				DF2ED5F42387C31F001617F8 /* Sort.swift */,
			);
			path = Sort;
			sourceTree = "<group>";
		};
		DF68A8E4238BB3E900610380 /* InsetrumentDemo */ = {
			isa = PBXGroup;
			children = (
				DF68A8E5238BB3E900610380 /* InsetrumentDemo.instrpkg */,
			);
			path = InsetrumentDemo;
			sourceTree = "<group>";
		};
/* End PBXGroup section */

/* Begin PBXNativeTarget section */
		B425AC642252526000B02B77 /* Swift_SweetSugar */ = {
			isa = PBXNativeTarget;
			buildConfigurationList = B425AC8D2252526200B02B77 /* Build configuration list for PBXNativeTarget "Swift_SweetSugar" */;
			buildPhases = (
				FD6E8D8522F8722E8F38846A /* [CP] Check Pods Manifest.lock */,
				B425AC612252526000B02B77 /* Sources */,
				B425AC622252526000B02B77 /* Frameworks */,
				B425AC632252526000B02B77 /* Resources */,
				63DDD9DEBBD9399D37CA83E9 /* [CP] Embed Pods Frameworks */,
				B4BE2D4D26171F7400E84967 /* Embed Frameworks */,
				B49AA84F276227CF00E41372 /* Embed App Extensions */,
			);
			buildRules = (
			);
			dependencies = (
				B49AA84D276227CF00E41372 /* PBXTargetDependency */,
			);
			name = Swift_SweetSugar;
			packageProductDependencies = (
				B4A4510627674BB1005AC2E4 /* SwiftyJSON */,
			);
			productName = Swift_SweetSugar;
			productReference = B425AC652252526000B02B77 /* Swift_SweetSugar.app */;
			productType = "com.apple.product-type.application";
		};
		B425AC782252526200B02B77 /* Swift_SweetSugarTests */ = {
			isa = PBXNativeTarget;
			buildConfigurationList = B425AC902252526200B02B77 /* Build configuration list for PBXNativeTarget "Swift_SweetSugarTests" */;
			buildPhases = (
				0CDFF99E0707615BAA1176DE /* [CP] Check Pods Manifest.lock */,
				B425AC752252526200B02B77 /* Sources */,
				B425AC762252526200B02B77 /* Frameworks */,
				B425AC772252526200B02B77 /* Resources */,
			);
			buildRules = (
			);
			dependencies = (
				B425AC7B2252526200B02B77 /* PBXTargetDependency */,
			);
			name = Swift_SweetSugarTests;
			productName = Swift_SweetSugarTests;
			productReference = B425AC792252526200B02B77 /* Swift_SweetSugarTests.xctest */;
			productType = "com.apple.product-type.bundle.unit-test";
		};
		B425AC832252526200B02B77 /* Swift_SweetSugarUITests */ = {
			isa = PBXNativeTarget;
			buildConfigurationList = B425AC932252526200B02B77 /* Build configuration list for PBXNativeTarget "Swift_SweetSugarUITests" */;
			buildPhases = (
				26D5B3C8D023FD4A58340921 /* [CP] Check Pods Manifest.lock */,
				B425AC802252526200B02B77 /* Sources */,
				B425AC812252526200B02B77 /* Frameworks */,
				B425AC822252526200B02B77 /* Resources */,
				D93967D7928A6650F3469CA4 /* [CP] Embed Pods Frameworks */,
			);
			buildRules = (
			);
			dependencies = (
				B425AC862252526200B02B77 /* PBXTargetDependency */,
			);
			name = Swift_SweetSugarUITests;
			productName = Swift_SweetSugarUITests;
			productReference = B425AC842252526200B02B77 /* Swift_SweetSugarUITests.xctest */;
			productType = "com.apple.product-type.bundle.ui-testing";
		};
		B49AA835276227CF00E41372 /* SafariTranslate */ = {
			isa = PBXNativeTarget;
			buildConfigurationList = B49AA853276227CF00E41372 /* Build configuration list for PBXNativeTarget "SafariTranslate" */;
			buildPhases = (
				B49AA832276227CF00E41372 /* Sources */,
				B49AA833276227CF00E41372 /* Frameworks */,
				B49AA834276227CF00E41372 /* Resources */,
			);
			buildRules = (
			);
			dependencies = (
			);
			name = SafariTranslate;
			productName = SafariTranslate;
			productReference = B49AA836276227CF00E41372 /* SafariTranslate.appex */;
			productType = "com.apple.product-type.app-extension";
		};
		DF68A8E2238BB3E900610380 /* InsetrumentDemo */ = {
			isa = PBXNativeTarget;
			buildConfigurationList = DF68A8E9238BB3E900610380 /* Build configuration list for PBXNativeTarget "InsetrumentDemo" */;
			buildPhases = (
				DF68A8E1238BB3E900610380 /* Sources */,
				7D5188FF9932A09DA3DCCDA3 /* Frameworks */,
			);
			buildRules = (
			);
			dependencies = (
			);
			name = InsetrumentDemo;
			productName = InsetrumentDemo;
			productReference = DF68A8E3238BB3E900610380 /* InsetrumentDemo.instrdst */;
			productType = "com.apple.product-type.instruments-package";
		};
/* End PBXNativeTarget section */

/* Begin PBXProject section */
		B425AC5D2252526000B02B77 /* Project object */ = {
			isa = PBXProject;
			attributes = {
				LastSwiftUpdateCheck = 1310;
				LastUpgradeCheck = 1010;
				ORGANIZATIONNAME = Mumu;
				TargetAttributes = {
					B425AC642252526000B02B77 = {
						CreatedOnToolsVersion = 10.1;
					};
					B425AC782252526200B02B77 = {
						CreatedOnToolsVersion = 10.1;
						TestTargetID = B425AC642252526000B02B77;
					};
					B425AC832252526200B02B77 = {
						CreatedOnToolsVersion = 10.1;
						TestTargetID = B425AC642252526000B02B77;
					};
					B49AA835276227CF00E41372 = {
						CreatedOnToolsVersion = 13.1;
					};
					DF68A8E2238BB3E900610380 = {
						CreatedOnToolsVersion = 11.1;
					};
				};
			};
			buildConfigurationList = B425AC602252526000B02B77 /* Build configuration list for PBXProject "Swift_SweetSugar" */;
			compatibilityVersion = "Xcode 9.3";
			developmentRegion = en;
			hasScannedForEncodings = 0;
			knownRegions = (
				en,
				Base,
			);
			mainGroup = B425AC5C2252526000B02B77;
			packageReferences = (
				B4A4510527674BB1005AC2E4 /* XCRemoteSwiftPackageReference "SwiftyJSON" */,
			);
			productRefGroup = B425AC662252526000B02B77 /* Products */;
			projectDirPath = "";
			projectReferences = (
				{
					ProductGroup = B4BE2D3926171E9600E84967 /* Products */;
					ProjectRef = B4BE2D3826171E9600E84967 /* SubProject_1.xcodeproj */;
				},
			);
			projectRoot = "";
			targets = (
				B425AC642252526000B02B77 /* Swift_SweetSugar */,
				B425AC782252526200B02B77 /* Swift_SweetSugarTests */,
				B425AC832252526200B02B77 /* Swift_SweetSugarUITests */,
				DF68A8E2238BB3E900610380 /* InsetrumentDemo */,
				B49AA835276227CF00E41372 /* SafariTranslate */,
			);
		};
/* End PBXProject section */

/* Begin PBXReferenceProxy section */
		B4BE2D3D26171E9600E84967 /* SubProject_1.framework */ = {
			isa = PBXReferenceProxy;
			fileType = wrapper.framework;
			path = SubProject_1.framework;
			remoteRef = B4BE2D3C26171E9600E84967 /* PBXContainerItemProxy */;
			sourceTree = BUILT_PRODUCTS_DIR;
		};
/* End PBXReferenceProxy section */

/* Begin PBXResourcesBuildPhase section */
		B425AC632252526000B02B77 /* Resources */ = {
			isa = PBXResourcesBuildPhase;
			buildActionMask = 2147483647;
			files = (
				B4B434802701CB9C00F7FAD4 /* MMCoreTextVC.xib in Resources */,
				B4A17DE52669FA870030E40D /* MMTableViewVC.xib in Resources */,
				B49BAB822620223B0097DFC9 /* SingleViewCell.xib in Resources */,
				B4B43475270170CC00F7FAD4 /* MMIpadController.xib in Resources */,
				B49DC0E12681805A009DE0FB /* MMLayerAnimationVC.xib in Resources */,
				B4A7E0C1277303FE0091687C /* MMListUpdateViewController.xib in Resources */,
				B4A4510A27674FE3005AC2E4 /* result.json in Resources */,
				B425AC732252526200B02B77 /* LaunchScreen.storyboard in Resources */,
				B4C194C22772C8670019553E /* MMSingleLabelTableCell.xib in Resources */,
				B4063D67260B4D7100F3135E /* HomeListVC.xib in Resources */,
				B47F342226608DEC00F46C90 /* MMWebViewController.xib in Resources */,
				B4C6AA0F261D9A9800D4B243 /* GestureTestVC.xib in Resources */,
				B495035226E2463C00C10601 /* MMGraphicViewController.xib in Resources */,
				B4063D73260B4F1300F3135E /* home_list.plist in Resources */,
				B49BAB8B262022730097DFC9 /* CollectionViewController.xib in Resources */,
				B4063D9C260B60C100F3135E /* UITestVC.xib in Resources */,
				B47468F226FED2F300C79F2C /* MMGraphic2VC.xib in Resources */,
				B469D030269D9C57001D7234 /* MMEmitterVC.xib in Resources */,
				B4063DAF260B637500F3135E /* FuncTestVC.xib in Resources */,
				B425AC702252526200B02B77 /* Assets.xcassets in Resources */,
				B4C06FE927423CDA00681C95 /* anim_search_loop_light.json in Resources */,
				B474765626948B2C006922D8 /* RPReplay.MP4 in Resources */,
				B425AC6E2252526000B02B77 /* Main.storyboard in Resources */,
				B4063D89260B530C00F3135E /* HomeListItemCell.xib in Resources */,
				B480AD0F266882F600E53DED /* MMTextVC.xib in Resources */,
			);
			runOnlyForDeploymentPostprocessing = 0;
		};
		B425AC772252526200B02B77 /* Resources */ = {
			isa = PBXResourcesBuildPhase;
			buildActionMask = 2147483647;
			files = (
			);
			runOnlyForDeploymentPostprocessing = 0;
		};
		B425AC822252526200B02B77 /* Resources */ = {
			isa = PBXResourcesBuildPhase;
			buildActionMask = 2147483647;
			files = (
			);
			runOnlyForDeploymentPostprocessing = 0;
		};
		B49AA834276227CF00E41372 /* Resources */ = {
			isa = PBXResourcesBuildPhase;
			buildActionMask = 2147483647;
			files = (
				B49AA842276227CF00E41372 /* background.js in Resources */,
				B49AA848276227CF00E41372 /* popup.css in Resources */,
				B49AA846276227CF00E41372 /* popup.html in Resources */,
				B49AA83E276227CF00E41372 /* images in Resources */,
				B49AA840276227CF00E41372 /* manifest.json in Resources */,
				B49AA83C276227CF00E41372 /* _locales in Resources */,
				B49AA844276227CF00E41372 /* content.js in Resources */,
				B49AA84A276227CF00E41372 /* popup.js in Resources */,
			);
			runOnlyForDeploymentPostprocessing = 0;
		};
/* End PBXResourcesBuildPhase section */

/* Begin PBXShellScriptBuildPhase section */
		0CDFF99E0707615BAA1176DE /* [CP] Check Pods Manifest.lock */ = {
			isa = PBXShellScriptBuildPhase;
			buildActionMask = 2147483647;
			files = (
			);
			inputFileListPaths = (
			);
			inputPaths = (
				"${PODS_PODFILE_DIR_PATH}/Podfile.lock",
				"${PODS_ROOT}/Manifest.lock",
			);
			name = "[CP] Check Pods Manifest.lock";
			outputFileListPaths = (
			);
			outputPaths = (
				"$(DERIVED_FILE_DIR)/Pods-Swift_SweetSugarTests-checkManifestLockResult.txt",
			);
			runOnlyForDeploymentPostprocessing = 0;
			shellPath = /bin/sh;
			shellScript = "diff \"${PODS_PODFILE_DIR_PATH}/Podfile.lock\" \"${PODS_ROOT}/Manifest.lock\" > /dev/null\nif [ $? != 0 ] ; then\n    # print error to STDERR\n    echo \"error: The sandbox is not in sync with the Podfile.lock. Run 'pod install' or update your CocoaPods installation.\" >&2\n    exit 1\nfi\n# This output is used by Xcode 'outputs' to avoid re-running this script phase.\necho \"SUCCESS\" > \"${SCRIPT_OUTPUT_FILE_0}\"\n";
			showEnvVarsInLog = 0;
		};
		26D5B3C8D023FD4A58340921 /* [CP] Check Pods Manifest.lock */ = {
			isa = PBXShellScriptBuildPhase;
			buildActionMask = 2147483647;
			files = (
			);
			inputFileListPaths = (
			);
			inputPaths = (
				"${PODS_PODFILE_DIR_PATH}/Podfile.lock",
				"${PODS_ROOT}/Manifest.lock",
			);
			name = "[CP] Check Pods Manifest.lock";
			outputFileListPaths = (
			);
			outputPaths = (
				"$(DERIVED_FILE_DIR)/Pods-Swift_SweetSugar-Swift_SweetSugarUITests-checkManifestLockResult.txt",
			);
			runOnlyForDeploymentPostprocessing = 0;
			shellPath = /bin/sh;
			shellScript = "diff \"${PODS_PODFILE_DIR_PATH}/Podfile.lock\" \"${PODS_ROOT}/Manifest.lock\" > /dev/null\nif [ $? != 0 ] ; then\n    # print error to STDERR\n    echo \"error: The sandbox is not in sync with the Podfile.lock. Run 'pod install' or update your CocoaPods installation.\" >&2\n    exit 1\nfi\n# This output is used by Xcode 'outputs' to avoid re-running this script phase.\necho \"SUCCESS\" > \"${SCRIPT_OUTPUT_FILE_0}\"\n";
			showEnvVarsInLog = 0;
		};
		63DDD9DEBBD9399D37CA83E9 /* [CP] Embed Pods Frameworks */ = {
			isa = PBXShellScriptBuildPhase;
			buildActionMask = 2147483647;
			files = (
			);
			inputFileListPaths = (
				"${PODS_ROOT}/Target Support Files/Pods-Swift_SweetSugar/Pods-Swift_SweetSugar-frameworks-${CONFIGURATION}-input-files.xcfilelist",
			);
			name = "[CP] Embed Pods Frameworks";
			outputFileListPaths = (
				"${PODS_ROOT}/Target Support Files/Pods-Swift_SweetSugar/Pods-Swift_SweetSugar-frameworks-${CONFIGURATION}-output-files.xcfilelist",
			);
			runOnlyForDeploymentPostprocessing = 0;
			shellPath = /bin/sh;
			shellScript = "\"${PODS_ROOT}/Target Support Files/Pods-Swift_SweetSugar/Pods-Swift_SweetSugar-frameworks.sh\"\n";
			showEnvVarsInLog = 0;
		};
		D93967D7928A6650F3469CA4 /* [CP] Embed Pods Frameworks */ = {
			isa = PBXShellScriptBuildPhase;
			buildActionMask = 2147483647;
			files = (
			);
			inputFileListPaths = (
				"${PODS_ROOT}/Target Support Files/Pods-Swift_SweetSugar-Swift_SweetSugarUITests/Pods-Swift_SweetSugar-Swift_SweetSugarUITests-frameworks-${CONFIGURATION}-input-files.xcfilelist",
			);
			name = "[CP] Embed Pods Frameworks";
			outputFileListPaths = (
				"${PODS_ROOT}/Target Support Files/Pods-Swift_SweetSugar-Swift_SweetSugarUITests/Pods-Swift_SweetSugar-Swift_SweetSugarUITests-frameworks-${CONFIGURATION}-output-files.xcfilelist",
			);
			runOnlyForDeploymentPostprocessing = 0;
			shellPath = /bin/sh;
			shellScript = "\"${PODS_ROOT}/Target Support Files/Pods-Swift_SweetSugar-Swift_SweetSugarUITests/Pods-Swift_SweetSugar-Swift_SweetSugarUITests-frameworks.sh\"\n";
			showEnvVarsInLog = 0;
		};
		FD6E8D8522F8722E8F38846A /* [CP] Check Pods Manifest.lock */ = {
			isa = PBXShellScriptBuildPhase;
			buildActionMask = 2147483647;
			files = (
			);
			inputFileListPaths = (
			);
			inputPaths = (
				"${PODS_PODFILE_DIR_PATH}/Podfile.lock",
				"${PODS_ROOT}/Manifest.lock",
			);
			name = "[CP] Check Pods Manifest.lock";
			outputFileListPaths = (
			);
			outputPaths = (
				"$(DERIVED_FILE_DIR)/Pods-Swift_SweetSugar-checkManifestLockResult.txt",
			);
			runOnlyForDeploymentPostprocessing = 0;
			shellPath = /bin/sh;
			shellScript = "diff \"${PODS_PODFILE_DIR_PATH}/Podfile.lock\" \"${PODS_ROOT}/Manifest.lock\" > /dev/null\nif [ $? != 0 ] ; then\n    # print error to STDERR\n    echo \"error: The sandbox is not in sync with the Podfile.lock. Run 'pod install' or update your CocoaPods installation.\" >&2\n    exit 1\nfi\n# This output is used by Xcode 'outputs' to avoid re-running this script phase.\necho \"SUCCESS\" > \"${SCRIPT_OUTPUT_FILE_0}\"\n";
			showEnvVarsInLog = 0;
		};
/* End PBXShellScriptBuildPhase section */

/* Begin PBXSourcesBuildPhase section */
		B425AC612252526000B02B77 /* Sources */ = {
			isa = PBXSourcesBuildPhase;
			buildActionMask = 2147483647;
			files = (
				B49BAB812620223B0097DFC9 /* SingleViewCell.swift in Sources */,
				B469D02F269D9C57001D7234 /* MMEmitterVC.swift in Sources */,
				B459B5EF22CCF0A700DEEA87 /* Solution.swift in Sources */,
				B4417A3322CE42AC00818FA0 /* StringSolution.swift in Sources */,
				DF0D36E8235D705C006EE6D5 /* LeeCodeTrueSubject.swift in Sources */,
				B4C4E3A22710671100387B97 /* MMTextView.swift in Sources */,
				B4A936962689ADD7001E181B /* MMControlView.swift in Sources */,
				DF2ED5D8238546F7001617F8 /* Stack.swift in Sources */,
				B480AD0E266882F600E53DED /* MMTextVC.swift in Sources */,
				B43DF3BA278B17C3009F3BE9 /* MMCurveView.swift in Sources */,
				B45763C7233A674E003AE3A5 /* TreeSolution.swift in Sources */,
				B4063D88260B530C00F3135E /* HomeListItemCell.swift in Sources */,
				B4A7E0C0277303FE0091687C /* MMListUpdateViewController.swift in Sources */,
				B49751C1269C1E08004445E4 /* MMPieChartView.swift in Sources */,
				B495035126E2463C00C10601 /* MMGraphicViewController.swift in Sources */,
				B4A3625024889B26006696C3 /* MMDispatchTimer.swift in Sources */,
				B4B43474270170CC00F7FAD4 /* MMIpadController.swift in Sources */,
				B4B69E75233E55950061AF93 /* BaseSort.swift in Sources */,
				B4A9369B2689B6E9001E181B /* MMButton.swift in Sources */,
				B47F39E6260DB6CF007592A1 /* WrapperTest.swift in Sources */,
				B4063DAE260B637500F3135E /* FuncTestVC.swift in Sources */,
				B4A936992689B129001E181B /* MMCustomView.swift in Sources */,
				B4C194C12772C8670019553E /* MMSingleLabelTableCell.swift in Sources */,
				B4063D9B260B60C100F3135E /* UITestVC.swift in Sources */,
				DFF332AA2328C5DE0015295C /* Bundle+MM_extension.swift in Sources */,
				B45853632386D95E005A4FFA /* MonitorViewController.swift in Sources */,
				DF2ED5DA23854856001617F8 /* Queue.swift in Sources */,
				B422B29025A3158800293646 /* MMFileManager.swift in Sources */,
				B49D61DE23390BA700ED9352 /* DispatchTime+MM_Extension.swift in Sources */,
				B49C47832739296B0041F245 /* MMShadowButton.swift in Sources */,
				B49BAB8A262022730097DFC9 /* CollectionViewController.swift in Sources */,
				B4AC61532732374200B76990 /* YDCustomButton.swift in Sources */,
				DF128F3F232F2FF900491475 /* CommonModel.swift in Sources */,
				DF2ED5DC2386219A001617F8 /* QuickSort.swift in Sources */,
				DF2ED5F52387C31F001617F8 /* Sort.swift in Sources */,
				B4B69E78233E55D40061AF93 /* CreateTool.swift in Sources */,
				B4A17DE42669FA870030E40D /* MMTableViewVC.swift in Sources */,
				B425AC6B2252526000B02B77 /* ViewController.swift in Sources */,
				B4063D66260B4D7100F3135E /* HomeListVC.swift in Sources */,
				B4A308E826CA781800500055 /* MMPoint.swift in Sources */,
				B4C6AA0E261D9A9800D4B243 /* GestureTestVC.swift in Sources */,
				B469D033269DBCDF001D7234 /* UIImage+Extension.swift in Sources */,
				B4C10E5726D9102600AEF417 /* MMSimpleModel.swift in Sources */,
				DF128F3D232F2C5A00491475 /* Date+MM_Extension.swift in Sources */,
				B4C51C14279149CE00F56FEC /* MMSunMoonView.swift in Sources */,
				DF2ED5F12387BCB7001617F8 /* MergeSort.swift in Sources */,
				B49DC0E02681805A009DE0FB /* MMLayerAnimationVC.swift in Sources */,
				B4B4347F2701CB9C00F7FAD4 /* MMCoreTextVC.swift in Sources */,
				B48AEBC226F070BB000C513B /* MMDottedLine.swift in Sources */,
				B461A4C2234E3D660054B907 /* HeapModel.swift in Sources */,
				B45853582386D899005A4FFA /* LXDBacktraceLogger.m in Sources */,
				B4C6AA18261D9CE000D4B243 /* MMTouchView.swift in Sources */,
				B4B6FDAF26CE6D6400C57423 /* MMStackCollectionViewLayout.swift in Sources */,
				B45853592386D899005A4FFA /* LXDAppFluecyMonitor.m in Sources */,
				B4063DA6260B618A00F3135E /* ConstParams.swift in Sources */,
				B425AC982252529A00B02B77 /* UIKit+Extension.swift in Sources */,
				B425AC692252526000B02B77 /* AppDelegate.swift in Sources */,
				B49D61DD23390BA700ED9352 /* UIView+Extension.swift in Sources */,
				B4A17DE02669D5EF0030E40D /* MMAuthorizationVC.swift in Sources */,
				B46FED52238C2FA30023F0FA /* GCDTest.swift in Sources */,
				B4B4346F2701701100F7FAD4 /* UIDevice+Extension.swift in Sources */,
				B4C194C52772F0FB0019553E /* MMTableViewAdapt.swift in Sources */,
				B4AC6155273237A700B76990 /* Foundation+Extension.swift in Sources */,
				B4063D93260B546500F3135E /* UITableViewCell+Extension.swift in Sources */,
				B422B29725A3167200293646 /* MMFileTest.swift in Sources */,
				B47468F126FED2F300C79F2C /* MMGraphic2VC.swift in Sources */,
				B4C6046C277AC72500EA287E /* Structured.swift in Sources */,
				B4063D6D260B4E2800F3135E /* HomeListItem.swift in Sources */,
				B422B2A525A3194500293646 /* String+Extension.swift in Sources */,
				DF9227E722CB07A600ABB221 /* UIColor+MM_Extension.swift in Sources */,
				B47F342126608DEC00F46C90 /* MMWebViewController.swift in Sources */,
				B4B434772701ADA900F7FAD4 /* MMFuncTool.swift in Sources */,
				B4C06FEE274251F800681C95 /* UIImageView+Extension.swift in Sources */,
				B495034A26E1FF3800C10601 /* MMBaseNavigationController.swift in Sources */,
			);
			runOnlyForDeploymentPostprocessing = 0;
		};
		B425AC752252526200B02B77 /* Sources */ = {
			isa = PBXSourcesBuildPhase;
			buildActionMask = 2147483647;
			files = (
				B425AC7E2252526200B02B77 /* Swift_SweetSugarTests.swift in Sources */,
			);
			runOnlyForDeploymentPostprocessing = 0;
		};
		B425AC802252526200B02B77 /* Sources */ = {
			isa = PBXSourcesBuildPhase;
			buildActionMask = 2147483647;
			files = (
				B425AC892252526200B02B77 /* Swift_SweetSugarUITests.swift in Sources */,
			);
			runOnlyForDeploymentPostprocessing = 0;
		};
		B49AA832276227CF00E41372 /* Sources */ = {
			isa = PBXSourcesBuildPhase;
			buildActionMask = 2147483647;
			files = (
				B49AA839276227CF00E41372 /* SafariWebExtensionHandler.swift in Sources */,
			);
			runOnlyForDeploymentPostprocessing = 0;
		};
		DF68A8E1238BB3E900610380 /* Sources */ = {
			isa = PBXSourcesBuildPhase;
			buildActionMask = 2147483647;
			files = (
				DF68A8E6238BB3E900610380 /* InsetrumentDemo.instrpkg in Sources */,
			);
			runOnlyForDeploymentPostprocessing = 0;
		};
/* End PBXSourcesBuildPhase section */

/* Begin PBXTargetDependency section */
		B425AC7B2252526200B02B77 /* PBXTargetDependency */ = {
			isa = PBXTargetDependency;
			target = B425AC642252526000B02B77 /* Swift_SweetSugar */;
			targetProxy = B425AC7A2252526200B02B77 /* PBXContainerItemProxy */;
		};
		B425AC862252526200B02B77 /* PBXTargetDependency */ = {
			isa = PBXTargetDependency;
			target = B425AC642252526000B02B77 /* Swift_SweetSugar */;
			targetProxy = B425AC852252526200B02B77 /* PBXContainerItemProxy */;
		};
		B49AA84D276227CF00E41372 /* PBXTargetDependency */ = {
			isa = PBXTargetDependency;
			target = B49AA835276227CF00E41372 /* SafariTranslate */;
			targetProxy = B49AA84C276227CF00E41372 /* PBXContainerItemProxy */;
		};
/* End PBXTargetDependency section */

/* Begin PBXVariantGroup section */
		B425AC6C2252526000B02B77 /* Main.storyboard */ = {
			isa = PBXVariantGroup;
			children = (
				B425AC6D2252526000B02B77 /* Base */,
			);
			name = Main.storyboard;
			sourceTree = "<group>";
		};
		B425AC712252526200B02B77 /* LaunchScreen.storyboard */ = {
			isa = PBXVariantGroup;
			children = (
				B425AC722252526200B02B77 /* Base */,
			);
			name = LaunchScreen.storyboard;
			sourceTree = "<group>";
		};
/* End PBXVariantGroup section */

/* Begin XCBuildConfiguration section */
		B425AC8B2252526200B02B77 /* Debug */ = {
			isa = XCBuildConfiguration;
			buildSettings = {
				ALWAYS_SEARCH_USER_PATHS = NO;
				CLANG_ANALYZER_NONNULL = YES;
				CLANG_ANALYZER_NUMBER_OBJECT_CONVERSION = YES_AGGRESSIVE;
				CLANG_CXX_LANGUAGE_STANDARD = "gnu++14";
				CLANG_CXX_LIBRARY = "libc++";
				CLANG_ENABLE_MODULES = YES;
				CLANG_ENABLE_OBJC_ARC = YES;
				CLANG_ENABLE_OBJC_WEAK = YES;
				CLANG_WARN_BLOCK_CAPTURE_AUTORELEASING = YES;
				CLANG_WARN_BOOL_CONVERSION = YES;
				CLANG_WARN_COMMA = YES;
				CLANG_WARN_CONSTANT_CONVERSION = YES;
				CLANG_WARN_DEPRECATED_OBJC_IMPLEMENTATIONS = YES;
				CLANG_WARN_DIRECT_OBJC_ISA_USAGE = YES_ERROR;
				CLANG_WARN_DOCUMENTATION_COMMENTS = YES;
				CLANG_WARN_EMPTY_BODY = YES;
				CLANG_WARN_ENUM_CONVERSION = YES;
				CLANG_WARN_INFINITE_RECURSION = YES;
				CLANG_WARN_INT_CONVERSION = YES;
				CLANG_WARN_NON_LITERAL_NULL_CONVERSION = YES;
				CLANG_WARN_OBJC_IMPLICIT_RETAIN_SELF = YES;
				CLANG_WARN_OBJC_LITERAL_CONVERSION = YES;
				CLANG_WARN_OBJC_ROOT_CLASS = YES_ERROR;
				CLANG_WARN_RANGE_LOOP_ANALYSIS = YES;
				CLANG_WARN_STRICT_PROTOTYPES = YES;
				CLANG_WARN_SUSPICIOUS_MOVE = YES;
				CLANG_WARN_UNGUARDED_AVAILABILITY = YES_AGGRESSIVE;
				CLANG_WARN_UNREACHABLE_CODE = YES;
				CLANG_WARN__DUPLICATE_METHOD_MATCH = YES;
				CODE_SIGN_IDENTITY = "iPhone Developer";
				COPY_PHASE_STRIP = NO;
				DEBUG_INFORMATION_FORMAT = dwarf;
				ENABLE_STRICT_OBJC_MSGSEND = YES;
				ENABLE_TESTABILITY = YES;
				GCC_C_LANGUAGE_STANDARD = gnu11;
				GCC_DYNAMIC_NO_PIC = NO;
				GCC_NO_COMMON_BLOCKS = YES;
				GCC_OPTIMIZATION_LEVEL = 0;
				GCC_PREPROCESSOR_DEFINITIONS = (
					"DEBUG=1",
					"$(inherited)",
				);
				GCC_WARN_64_TO_32_BIT_CONVERSION = YES;
				GCC_WARN_ABOUT_RETURN_TYPE = YES_ERROR;
				GCC_WARN_UNDECLARED_SELECTOR = YES;
				GCC_WARN_UNINITIALIZED_AUTOS = YES_AGGRESSIVE;
				GCC_WARN_UNUSED_FUNCTION = YES;
				GCC_WARN_UNUSED_VARIABLE = YES;
				IPHONEOS_DEPLOYMENT_TARGET = 12.1;
				MTL_ENABLE_DEBUG_INFO = INCLUDE_SOURCE;
				MTL_FAST_MATH = YES;
				ONLY_ACTIVE_ARCH = YES;
				SDKROOT = iphoneos;
				SWIFT_ACTIVE_COMPILATION_CONDITIONS = DEBUG;
				SWIFT_OPTIMIZATION_LEVEL = "-Onone";
			};
			name = Debug;
		};
		B425AC8C2252526200B02B77 /* Release */ = {
			isa = XCBuildConfiguration;
			buildSettings = {
				ALWAYS_SEARCH_USER_PATHS = NO;
				CLANG_ANALYZER_NONNULL = YES;
				CLANG_ANALYZER_NUMBER_OBJECT_CONVERSION = YES_AGGRESSIVE;
				CLANG_CXX_LANGUAGE_STANDARD = "gnu++14";
				CLANG_CXX_LIBRARY = "libc++";
				CLANG_ENABLE_MODULES = YES;
				CLANG_ENABLE_OBJC_ARC = YES;
				CLANG_ENABLE_OBJC_WEAK = YES;
				CLANG_WARN_BLOCK_CAPTURE_AUTORELEASING = YES;
				CLANG_WARN_BOOL_CONVERSION = YES;
				CLANG_WARN_COMMA = YES;
				CLANG_WARN_CONSTANT_CONVERSION = YES;
				CLANG_WARN_DEPRECATED_OBJC_IMPLEMENTATIONS = YES;
				CLANG_WARN_DIRECT_OBJC_ISA_USAGE = YES_ERROR;
				CLANG_WARN_DOCUMENTATION_COMMENTS = YES;
				CLANG_WARN_EMPTY_BODY = YES;
				CLANG_WARN_ENUM_CONVERSION = YES;
				CLANG_WARN_INFINITE_RECURSION = YES;
				CLANG_WARN_INT_CONVERSION = YES;
				CLANG_WARN_NON_LITERAL_NULL_CONVERSION = YES;
				CLANG_WARN_OBJC_IMPLICIT_RETAIN_SELF = YES;
				CLANG_WARN_OBJC_LITERAL_CONVERSION = YES;
				CLANG_WARN_OBJC_ROOT_CLASS = YES_ERROR;
				CLANG_WARN_RANGE_LOOP_ANALYSIS = YES;
				CLANG_WARN_STRICT_PROTOTYPES = YES;
				CLANG_WARN_SUSPICIOUS_MOVE = YES;
				CLANG_WARN_UNGUARDED_AVAILABILITY = YES_AGGRESSIVE;
				CLANG_WARN_UNREACHABLE_CODE = YES;
				CLANG_WARN__DUPLICATE_METHOD_MATCH = YES;
				CODE_SIGN_IDENTITY = "iPhone Developer";
				COPY_PHASE_STRIP = NO;
				DEBUG_INFORMATION_FORMAT = "dwarf-with-dsym";
				ENABLE_NS_ASSERTIONS = NO;
				ENABLE_STRICT_OBJC_MSGSEND = YES;
				GCC_C_LANGUAGE_STANDARD = gnu11;
				GCC_NO_COMMON_BLOCKS = YES;
				GCC_WARN_64_TO_32_BIT_CONVERSION = YES;
				GCC_WARN_ABOUT_RETURN_TYPE = YES_ERROR;
				GCC_WARN_UNDECLARED_SELECTOR = YES;
				GCC_WARN_UNINITIALIZED_AUTOS = YES_AGGRESSIVE;
				GCC_WARN_UNUSED_FUNCTION = YES;
				GCC_WARN_UNUSED_VARIABLE = YES;
				IPHONEOS_DEPLOYMENT_TARGET = 12.1;
				MTL_ENABLE_DEBUG_INFO = NO;
				MTL_FAST_MATH = YES;
				SDKROOT = iphoneos;
				SWIFT_COMPILATION_MODE = wholemodule;
				SWIFT_OPTIMIZATION_LEVEL = "-O";
				VALIDATE_PRODUCT = YES;
			};
			name = Release;
		};
		B425AC8E2252526200B02B77 /* Debug */ = {
			isa = XCBuildConfiguration;
			baseConfigurationReference = C2ACA8F3D60150B1196BFC32 /* Pods-Swift_SweetSugar.debug.xcconfig */;
			buildSettings = {
				ALWAYS_EMBED_SWIFT_STANDARD_LIBRARIES = YES;
				ASSETCATALOG_COMPILER_APPICON_NAME = AppIcon;
				CODE_SIGN_STYLE = Automatic;
				DEVELOPMENT_TEAM = T6H68KJ4WD;
				FRAMEWORK_SEARCH_PATHS = (
					"$(inherited)",
					"$(PROJECT_DIR)/Swift_SweetSugar/Component",
				);
				GCC_PREPROCESSOR_DEFINITIONS = (
					"$(inherited)",
					"Test=2",
					"COCOAPODS=1",
				);
				INFOPLIST_FILE = Swift_SweetSugar/Info.plist;
				IPHONEOS_DEPLOYMENT_TARGET = 11.0;
				LD_RUNPATH_SEARCH_PATHS = (
					"$(inherited)",
					"@executable_path/Frameworks",
				);
				OTHER_SWIFT_FLAGS = "$(inherited) -D COCOAPODS";
				PRODUCT_BUNDLE_IDENTIFIER = com.mm.test.demo;
				PRODUCT_NAME = "$(TARGET_NAME)";
				SWIFT_ACTIVE_COMPILATION_CONDITIONS = "DEBUG Test";
				SWIFT_OBJC_BRIDGING_HEADER = "$(SRCROOT)/Swift_SweetSugar/Swift-Sugar-Bridging-Header.h";
				SWIFT_VERSION = 5.0;
				TARGETED_DEVICE_FAMILY = "1,2";
			};
			name = Debug;
		};
		B425AC8F2252526200B02B77 /* Release */ = {
			isa = XCBuildConfiguration;
			baseConfigurationReference = E91559239FA7BD9C330F7798 /* Pods-Swift_SweetSugar.release.xcconfig */;
			buildSettings = {
				ALWAYS_EMBED_SWIFT_STANDARD_LIBRARIES = YES;
				ASSETCATALOG_COMPILER_APPICON_NAME = AppIcon;
				CODE_SIGN_STYLE = Automatic;
				DEVELOPMENT_TEAM = T6H68KJ4WD;
				FRAMEWORK_SEARCH_PATHS = (
					"$(inherited)",
					"$(PROJECT_DIR)/Swift_SweetSugar/Component",
				);
				INFOPLIST_FILE = Swift_SweetSugar/Info.plist;
				IPHONEOS_DEPLOYMENT_TARGET = 11.0;
				LD_RUNPATH_SEARCH_PATHS = (
					"$(inherited)",
					"@executable_path/Frameworks",
				);
				OTHER_SWIFT_FLAGS = "$(inherited) -D COCOAPODS";
				PRODUCT_BUNDLE_IDENTIFIER = com.mm.test.demo;
				PRODUCT_NAME = "$(TARGET_NAME)";
				SWIFT_OBJC_BRIDGING_HEADER = "$(SRCROOT)/Swift_SweetSugar/Swift-Sugar-Bridging-Header.h";
				SWIFT_VERSION = 5.0;
				TARGETED_DEVICE_FAMILY = "1,2";
			};
			name = Release;
		};
		B425AC912252526200B02B77 /* Debug */ = {
			isa = XCBuildConfiguration;
			baseConfigurationReference = 673050F51396BFDC2DD7DD6F /* Pods-Swift_SweetSugarTests.debug.xcconfig */;
			buildSettings = {
				ALWAYS_EMBED_SWIFT_STANDARD_LIBRARIES = YES;
				BUNDLE_LOADER = "$(TEST_HOST)";
				CODE_SIGN_STYLE = Automatic;
				INFOPLIST_FILE = Swift_SweetSugarTests/Info.plist;
				LD_RUNPATH_SEARCH_PATHS = (
					"$(inherited)",
					"@executable_path/Frameworks",
					"@loader_path/Frameworks",
				);
				PRODUCT_BUNDLE_IDENTIFIER = "com.mm.CoreTextDemo.Swift-SweetSugarTests";
				PRODUCT_NAME = "$(TARGET_NAME)";
				SWIFT_VERSION = 4.2;
				TARGETED_DEVICE_FAMILY = "1,2";
				TEST_HOST = "$(BUILT_PRODUCTS_DIR)/Swift_SweetSugar.app/Swift_SweetSugar";
			};
			name = Debug;
		};
		B425AC922252526200B02B77 /* Release */ = {
			isa = XCBuildConfiguration;
			baseConfigurationReference = 5517FE394A1BE726129E9488 /* Pods-Swift_SweetSugarTests.release.xcconfig */;
			buildSettings = {
				ALWAYS_EMBED_SWIFT_STANDARD_LIBRARIES = YES;
				BUNDLE_LOADER = "$(TEST_HOST)";
				CODE_SIGN_STYLE = Automatic;
				INFOPLIST_FILE = Swift_SweetSugarTests/Info.plist;
				LD_RUNPATH_SEARCH_PATHS = (
					"$(inherited)",
					"@executable_path/Frameworks",
					"@loader_path/Frameworks",
				);
				PRODUCT_BUNDLE_IDENTIFIER = "com.mm.CoreTextDemo.Swift-SweetSugarTests";
				PRODUCT_NAME = "$(TARGET_NAME)";
				SWIFT_VERSION = 4.2;
				TARGETED_DEVICE_FAMILY = "1,2";
				TEST_HOST = "$(BUILT_PRODUCTS_DIR)/Swift_SweetSugar.app/Swift_SweetSugar";
			};
			name = Release;
		};
		B425AC942252526200B02B77 /* Debug */ = {
			isa = XCBuildConfiguration;
			baseConfigurationReference = 2028267AE1A8AD89F66A9103 /* Pods-Swift_SweetSugar-Swift_SweetSugarUITests.debug.xcconfig */;
			buildSettings = {
				ALWAYS_EMBED_SWIFT_STANDARD_LIBRARIES = YES;
				CODE_SIGN_STYLE = Automatic;
				INFOPLIST_FILE = Swift_SweetSugarUITests/Info.plist;
				LD_RUNPATH_SEARCH_PATHS = (
					"$(inherited)",
					"@executable_path/Frameworks",
					"@loader_path/Frameworks",
				);
				PRODUCT_BUNDLE_IDENTIFIER = "com.mm.CoreTextDemo.Swift-SweetSugarUITests";
				PRODUCT_NAME = "$(TARGET_NAME)";
				SWIFT_VERSION = 4.2;
				TARGETED_DEVICE_FAMILY = "1,2";
				TEST_TARGET_NAME = Swift_SweetSugar;
			};
			name = Debug;
		};
		B425AC952252526200B02B77 /* Release */ = {
			isa = XCBuildConfiguration;
			baseConfigurationReference = EF72E443349B2F9714AEBC68 /* Pods-Swift_SweetSugar-Swift_SweetSugarUITests.release.xcconfig */;
			buildSettings = {
				ALWAYS_EMBED_SWIFT_STANDARD_LIBRARIES = YES;
				CODE_SIGN_STYLE = Automatic;
				INFOPLIST_FILE = Swift_SweetSugarUITests/Info.plist;
				LD_RUNPATH_SEARCH_PATHS = (
					"$(inherited)",
					"@executable_path/Frameworks",
					"@loader_path/Frameworks",
				);
				PRODUCT_BUNDLE_IDENTIFIER = "com.mm.CoreTextDemo.Swift-SweetSugarUITests";
				PRODUCT_NAME = "$(TARGET_NAME)";
				SWIFT_VERSION = 4.2;
				TARGETED_DEVICE_FAMILY = "1,2";
				TEST_TARGET_NAME = Swift_SweetSugar;
			};
			name = Release;
		};
		B49AA850276227CF00E41372 /* Debug */ = {
			isa = XCBuildConfiguration;
			buildSettings = {
				CLANG_CXX_LANGUAGE_STANDARD = "gnu++17";
				CLANG_WARN_QUOTED_INCLUDE_IN_FRAMEWORK_HEADER = YES;
				CODE_SIGN_STYLE = Automatic;
				CURRENT_PROJECT_VERSION = 1;
				DEVELOPMENT_TEAM = T6H68KJ4WD;
				GENERATE_INFOPLIST_FILE = YES;
				INFOPLIST_FILE = SafariTranslate/Info.plist;
				INFOPLIST_KEY_CFBundleDisplayName = SafariTranslate;
				INFOPLIST_KEY_NSHumanReadableCopyright = "Copyright © 2021 Mumu. All rights reserved.";
				IPHONEOS_DEPLOYMENT_TARGET = 11.0;
				LD_RUNPATH_SEARCH_PATHS = (
					"$(inherited)",
					"@executable_path/Frameworks",
					"@executable_path/../../Frameworks",
				);
				MARKETING_VERSION = 1.0;
				OTHER_LDFLAGS = (
					"-framework",
					SafariServices,
				);
				PRODUCT_BUNDLE_IDENTIFIER = com.mm.test.demo.SafariTranslate;
				PRODUCT_NAME = "$(TARGET_NAME)";
				SKIP_INSTALL = YES;
				SWIFT_EMIT_LOC_STRINGS = YES;
				SWIFT_VERSION = 5.0;
				TARGETED_DEVICE_FAMILY = "1,2";
			};
			name = Debug;
		};
		B49AA851276227CF00E41372 /* Release */ = {
			isa = XCBuildConfiguration;
			buildSettings = {
				CLANG_CXX_LANGUAGE_STANDARD = "gnu++17";
				CLANG_WARN_QUOTED_INCLUDE_IN_FRAMEWORK_HEADER = YES;
				CODE_SIGN_STYLE = Automatic;
				CURRENT_PROJECT_VERSION = 1;
				DEVELOPMENT_TEAM = T6H68KJ4WD;
				GENERATE_INFOPLIST_FILE = YES;
				INFOPLIST_FILE = SafariTranslate/Info.plist;
				INFOPLIST_KEY_CFBundleDisplayName = SafariTranslate;
				INFOPLIST_KEY_NSHumanReadableCopyright = "Copyright © 2021 Mumu. All rights reserved.";
				IPHONEOS_DEPLOYMENT_TARGET = 11.0;
				LD_RUNPATH_SEARCH_PATHS = (
					"$(inherited)",
					"@executable_path/Frameworks",
					"@executable_path/../../Frameworks",
				);
				MARKETING_VERSION = 1.0;
				OTHER_LDFLAGS = (
					"-framework",
					SafariServices,
				);
				PRODUCT_BUNDLE_IDENTIFIER = com.mm.test.demo.SafariTranslate;
				PRODUCT_NAME = "$(TARGET_NAME)";
				SKIP_INSTALL = YES;
				SWIFT_EMIT_LOC_STRINGS = YES;
				SWIFT_VERSION = 5.0;
				TARGETED_DEVICE_FAMILY = "1,2";
			};
			name = Release;
		};
		DF68A8E7238BB3E900610380 /* Debug */ = {
			isa = XCBuildConfiguration;
			buildSettings = {
				ALWAYS_SEARCH_USER_PATHS = NO;
				CODE_SIGN_STYLE = Automatic;
				INSTALL_PATH = "$(LOCAL_LIBRARY_DIR)/Instruments/Packages";
				PRODUCT_NAME = "$(TARGET_NAME)";
				VERSIONING_SYSTEM = "";
			};
			name = Debug;
		};
		DF68A8E8238BB3E900610380 /* Release */ = {
			isa = XCBuildConfiguration;
			buildSettings = {
				ALWAYS_SEARCH_USER_PATHS = NO;
				CODE_SIGN_STYLE = Automatic;
				INSTALL_PATH = "$(LOCAL_LIBRARY_DIR)/Instruments/Packages";
				PRODUCT_NAME = "$(TARGET_NAME)";
				VERSIONING_SYSTEM = "";
			};
			name = Release;
		};
/* End XCBuildConfiguration section */

/* Begin XCConfigurationList section */
		B425AC602252526000B02B77 /* Build configuration list for PBXProject "Swift_SweetSugar" */ = {
			isa = XCConfigurationList;
			buildConfigurations = (
				B425AC8B2252526200B02B77 /* Debug */,
				B425AC8C2252526200B02B77 /* Release */,
			);
			defaultConfigurationIsVisible = 0;
			defaultConfigurationName = Release;
		};
		B425AC8D2252526200B02B77 /* Build configuration list for PBXNativeTarget "Swift_SweetSugar" */ = {
			isa = XCConfigurationList;
			buildConfigurations = (
				B425AC8E2252526200B02B77 /* Debug */,
				B425AC8F2252526200B02B77 /* Release */,
			);
			defaultConfigurationIsVisible = 0;
			defaultConfigurationName = Release;
		};
		B425AC902252526200B02B77 /* Build configuration list for PBXNativeTarget "Swift_SweetSugarTests" */ = {
			isa = XCConfigurationList;
			buildConfigurations = (
				B425AC912252526200B02B77 /* Debug */,
				B425AC922252526200B02B77 /* Release */,
			);
			defaultConfigurationIsVisible = 0;
			defaultConfigurationName = Release;
		};
		B425AC932252526200B02B77 /* Build configuration list for PBXNativeTarget "Swift_SweetSugarUITests" */ = {
			isa = XCConfigurationList;
			buildConfigurations = (
				B425AC942252526200B02B77 /* Debug */,
				B425AC952252526200B02B77 /* Release */,
			);
			defaultConfigurationIsVisible = 0;
			defaultConfigurationName = Release;
		};
		B49AA853276227CF00E41372 /* Build configuration list for PBXNativeTarget "SafariTranslate" */ = {
			isa = XCConfigurationList;
			buildConfigurations = (
				B49AA850276227CF00E41372 /* Debug */,
				B49AA851276227CF00E41372 /* Release */,
			);
			defaultConfigurationIsVisible = 0;
			defaultConfigurationName = Release;
		};
		DF68A8E9238BB3E900610380 /* Build configuration list for PBXNativeTarget "InsetrumentDemo" */ = {
			isa = XCConfigurationList;
			buildConfigurations = (
				DF68A8E7238BB3E900610380 /* Debug */,
				DF68A8E8238BB3E900610380 /* Release */,
			);
			defaultConfigurationIsVisible = 0;
			defaultConfigurationName = Release;
		};
/* End XCConfigurationList section */

/* Begin XCRemoteSwiftPackageReference section */
		B4A4510527674BB1005AC2E4 /* XCRemoteSwiftPackageReference "SwiftyJSON" */ = {
			isa = XCRemoteSwiftPackageReference;
			repositoryURL = "https://github.com/SwiftyJSON/SwiftyJSON.git";
			requirement = {
				kind = upToNextMajorVersion;
				minimumVersion = 4.0.0;
			};
		};
/* End XCRemoteSwiftPackageReference section */

/* Begin XCSwiftPackageProductDependency section */
		B4A4510627674BB1005AC2E4 /* SwiftyJSON */ = {
			isa = XCSwiftPackageProductDependency;
			package = B4A4510527674BB1005AC2E4 /* XCRemoteSwiftPackageReference "SwiftyJSON" */;
			productName = SwiftyJSON;
		};
/* End XCSwiftPackageProductDependency section */
	};
	rootObject = B425AC5D2252526000B02B77 /* Project object */;
}
