// !$*UTF8*$!
{
	archiveVersion = 1;
	classes = {
	};
	objectVersion = 50;
	objects = {

/* Begin PBXBuildFile section */
		B425AC692252526000B02B77 /* AppDelegate.swift in Sources */ = {isa = PBXBuildFile; fileRef = B425AC682252526000B02B77 /* AppDelegate.swift */; };
		B425AC6B2252526000B02B77 /* ViewController.swift in Sources */ = {isa = PBXBuildFile; fileRef = B425AC6A2252526000B02B77 /* ViewController.swift */; };
		B425AC6E2252526000B02B77 /* Main.storyboard in Resources */ = {isa = PBXBuildFile; fileRef = B425AC6C2252526000B02B77 /* Main.storyboard */; };
		B425AC702252526200B02B77 /* Assets.xcassets in Resources */ = {isa = PBXBuildFile; fileRef = B425AC6F2252526200B02B77 /* Assets.xcassets */; };
		B425AC732252526200B02B77 /* LaunchScreen.storyboard in Resources */ = {isa = PBXBuildFile; fileRef = B425AC712252526200B02B77 /* LaunchScreen.storyboard */; };
		B425AC7E2252526200B02B77 /* Swift_SweetSugarTests.swift in Sources */ = {isa = PBXBuildFile; fileRef = B425AC7D2252526200B02B77 /* Swift_SweetSugarTests.swift */; };
		B425AC892252526200B02B77 /* Swift_SweetSugarUITests.swift in Sources */ = {isa = PBXBuildFile; fileRef = B425AC882252526200B02B77 /* Swift_SweetSugarUITests.swift */; };
		B425AC982252529A00B02B77 /* UIKit+Extension.swift in Sources */ = {isa = PBXBuildFile; fileRef = B425AC972252529A00B02B77 /* UIKit+Extension.swift */; };
		B459B5EF22CCF0A700DEEA87 /* Solution.swift in Sources */ = {isa = PBXBuildFile; fileRef = B459B5EE22CCF0A700DEEA87 /* Solution.swift */; };
		DF128F3B232F2C5100491475 /* DispatchTime+MM_Extension.swift in Sources */ = {isa = PBXBuildFile; fileRef = DF128F3A232F2C5100491475 /* DispatchTime+MM_Extension.swift */; };
		DF128F3D232F2C5A00491475 /* Date+MM_Extension.swift in Sources */ = {isa = PBXBuildFile; fileRef = DF128F3C232F2C5A00491475 /* Date+MM_Extension.swift */; };
		DF9227E722CB07A600ABB221 /* UIColor+MM_Extension.swift in Sources */ = {isa = PBXBuildFile; fileRef = DF9227E622CB07A600ABB221 /* UIColor+MM_Extension.swift */; };
		DFF332AA2328C5DE0015295C /* Bundle+MM_extension.swift in Sources */ = {isa = PBXBuildFile; fileRef = DFF332A92328C5DE0015295C /* Bundle+MM_extension.swift */; };
/* End PBXBuildFile section */

/* Begin PBXContainerItemProxy section */
		B425AC7A2252526200B02B77 /* PBXContainerItemProxy */ = {
			isa = PBXContainerItemProxy;
			containerPortal = B425AC5D2252526000B02B77 /* Project object */;
			proxyType = 1;
			remoteGlobalIDString = B425AC642252526000B02B77;
			remoteInfo = Swift_SweetSugar;
		};
		B425AC852252526200B02B77 /* PBXContainerItemProxy */ = {
			isa = PBXContainerItemProxy;
			containerPortal = B425AC5D2252526000B02B77 /* Project object */;
			proxyType = 1;
			remoteGlobalIDString = B425AC642252526000B02B77;
			remoteInfo = Swift_SweetSugar;
		};
/* End PBXContainerItemProxy section */

/* Begin PBXFileReference section */
		B425AC652252526000B02B77 /* Swift_SweetSugar.app */ = {isa = PBXFileReference; explicitFileType = wrapper.application; includeInIndex = 0; path = Swift_SweetSugar.app; sourceTree = BUILT_PRODUCTS_DIR; };
		B425AC682252526000B02B77 /* AppDelegate.swift */ = {isa = PBXFileReference; lastKnownFileType = sourcecode.swift; path = AppDelegate.swift; sourceTree = "<group>"; };
		B425AC6A2252526000B02B77 /* ViewController.swift */ = {isa = PBXFileReference; lastKnownFileType = sourcecode.swift; path = ViewController.swift; sourceTree = "<group>"; };
		B425AC6D2252526000B02B77 /* Base */ = {isa = PBXFileReference; lastKnownFileType = file.storyboard; name = Base; path = Base.lproj/Main.storyboard; sourceTree = "<group>"; };
		B425AC6F2252526200B02B77 /* Assets.xcassets */ = {isa = PBXFileReference; lastKnownFileType = folder.assetcatalog; path = Assets.xcassets; sourceTree = "<group>"; };
		B425AC722252526200B02B77 /* Base */ = {isa = PBXFileReference; lastKnownFileType = file.storyboard; name = Base; path = Base.lproj/LaunchScreen.storyboard; sourceTree = "<group>"; };
		B425AC742252526200B02B77 /* Info.plist */ = {isa = PBXFileReference; lastKnownFileType = text.plist.xml; path = Info.plist; sourceTree = "<group>"; };
		B425AC792252526200B02B77 /* Swift_SweetSugarTests.xctest */ = {isa = PBXFileReference; explicitFileType = wrapper.cfbundle; includeInIndex = 0; path = Swift_SweetSugarTests.xctest; sourceTree = BUILT_PRODUCTS_DIR; };
		B425AC7D2252526200B02B77 /* Swift_SweetSugarTests.swift */ = {isa = PBXFileReference; lastKnownFileType = sourcecode.swift; path = Swift_SweetSugarTests.swift; sourceTree = "<group>"; };
		B425AC7F2252526200B02B77 /* Info.plist */ = {isa = PBXFileReference; lastKnownFileType = text.plist.xml; path = Info.plist; sourceTree = "<group>"; };
		B425AC842252526200B02B77 /* Swift_SweetSugarUITests.xctest */ = {isa = PBXFileReference; explicitFileType = wrapper.cfbundle; includeInIndex = 0; path = Swift_SweetSugarUITests.xctest; sourceTree = BUILT_PRODUCTS_DIR; };
		B425AC882252526200B02B77 /* Swift_SweetSugarUITests.swift */ = {isa = PBXFileReference; lastKnownFileType = sourcecode.swift; path = Swift_SweetSugarUITests.swift; sourceTree = "<group>"; };
		B425AC8A2252526200B02B77 /* Info.plist */ = {isa = PBXFileReference; lastKnownFileType = text.plist.xml; path = Info.plist; sourceTree = "<group>"; };
		B425AC972252529A00B02B77 /* UIKit+Extension.swift */ = {isa = PBXFileReference; lastKnownFileType = sourcecode.swift; path = "UIKit+Extension.swift"; sourceTree = "<group>"; };
		B459B5EE22CCF0A700DEEA87 /* Solution.swift */ = {isa = PBXFileReference; lastKnownFileType = sourcecode.swift; path = Solution.swift; sourceTree = "<group>"; };
		DF128F3A232F2C5100491475 /* DispatchTime+MM_Extension.swift */ = {isa = PBXFileReference; fileEncoding = 4; lastKnownFileType = sourcecode.swift; name = "DispatchTime+MM_Extension.swift"; path = "../../../../LuMeniOS/Lumen/Lumen/Class/Extension/DispatchTime+MM_Extension.swift"; sourceTree = "<group>"; };
		DF128F3C232F2C5A00491475 /* Date+MM_Extension.swift */ = {isa = PBXFileReference; fileEncoding = 4; lastKnownFileType = sourcecode.swift; path = "Date+MM_Extension.swift"; sourceTree = "<group>"; };
		DF9227E622CB07A600ABB221 /* UIColor+MM_Extension.swift */ = {isa = PBXFileReference; lastKnownFileType = sourcecode.swift; path = "UIColor+MM_Extension.swift"; sourceTree = "<group>"; };
		DFF332A92328C5DE0015295C /* Bundle+MM_extension.swift */ = {isa = PBXFileReference; lastKnownFileType = sourcecode.swift; path = "Bundle+MM_extension.swift"; sourceTree = "<group>"; };
/* End PBXFileReference section */

/* Begin PBXFrameworksBuildPhase section */
		B425AC622252526000B02B77 /* Frameworks */ = {
			isa = PBXFrameworksBuildPhase;
			buildActionMask = 2147483647;
			files = (
			);
			runOnlyForDeploymentPostprocessing = 0;
		};
		B425AC762252526200B02B77 /* Frameworks */ = {
			isa = PBXFrameworksBuildPhase;
			buildActionMask = 2147483647;
			files = (
			);
			runOnlyForDeploymentPostprocessing = 0;
		};
		B425AC812252526200B02B77 /* Frameworks */ = {
			isa = PBXFrameworksBuildPhase;
			buildActionMask = 2147483647;
			files = (
			);
			runOnlyForDeploymentPostprocessing = 0;
		};
/* End PBXFrameworksBuildPhase section */

/* Begin PBXGroup section */
		B425AC5C2252526000B02B77 = {
			isa = PBXGroup;
			children = (
				B425AC672252526000B02B77 /* Swift_SweetSugar */,
				B425AC7C2252526200B02B77 /* Swift_SweetSugarTests */,
				B425AC872252526200B02B77 /* Swift_SweetSugarUITests */,
				B425AC662252526000B02B77 /* Products */,
			);
			sourceTree = "<group>";
		};
		B425AC662252526000B02B77 /* Products */ = {
			isa = PBXGroup;
			children = (
				B425AC652252526000B02B77 /* Swift_SweetSugar.app */,
				B425AC792252526200B02B77 /* Swift_SweetSugarTests.xctest */,
				B425AC842252526200B02B77 /* Swift_SweetSugarUITests.xctest */,
			);
			name = Products;
			sourceTree = "<group>";
		};
		B425AC672252526000B02B77 /* Swift_SweetSugar */ = {
			isa = PBXGroup;
			children = (
				B459B5ED22CCF08100DEEA87 /* Algorithm */,
				B425AC962252526800B02B77 /* Extension */,
				B425AC682252526000B02B77 /* AppDelegate.swift */,
				B425AC6A2252526000B02B77 /* ViewController.swift */,
				B425AC6C2252526000B02B77 /* Main.storyboard */,
				B425AC6F2252526200B02B77 /* Assets.xcassets */,
				B425AC712252526200B02B77 /* LaunchScreen.storyboard */,
				B425AC742252526200B02B77 /* Info.plist */,
			);
			path = Swift_SweetSugar;
			sourceTree = "<group>";
		};
		B425AC7C2252526200B02B77 /* Swift_SweetSugarTests */ = {
			isa = PBXGroup;
			children = (
				B425AC7D2252526200B02B77 /* Swift_SweetSugarTests.swift */,
				B425AC7F2252526200B02B77 /* Info.plist */,
			);
			path = Swift_SweetSugarTests;
			sourceTree = "<group>";
		};
		B425AC872252526200B02B77 /* Swift_SweetSugarUITests */ = {
			isa = PBXGroup;
			children = (
				B425AC882252526200B02B77 /* Swift_SweetSugarUITests.swift */,
				B425AC8A2252526200B02B77 /* Info.plist */,
			);
			path = Swift_SweetSugarUITests;
			sourceTree = "<group>";
		};
		B425AC962252526800B02B77 /* Extension */ = {
			isa = PBXGroup;
			children = (
				DF128F3C232F2C5A00491475 /* Date+MM_Extension.swift */,
				DF128F3A232F2C5100491475 /* DispatchTime+MM_Extension.swift */,
				B425AC972252529A00B02B77 /* UIKit+Extension.swift */,
				DF9227E622CB07A600ABB221 /* UIColor+MM_Extension.swift */,
				DFF332A92328C5DE0015295C /* Bundle+MM_extension.swift */,
			);
			path = Extension;
			sourceTree = "<group>";
		};
		B459B5ED22CCF08100DEEA87 /* Algorithm */ = {
			isa = PBXGroup;
			children = (
				B459B5EE22CCF0A700DEEA87 /* Solution.swift */,
			);
			path = Algorithm;
			sourceTree = "<group>";
		};
/* End PBXGroup section */

/* Begin PBXNativeTarget section */
		B425AC642252526000B02B77 /* Swift_SweetSugar */ = {
			isa = PBXNativeTarget;
			buildConfigurationList = B425AC8D2252526200B02B77 /* Build configuration list for PBXNativeTarget "Swift_SweetSugar" */;
			buildPhases = (
				B425AC612252526000B02B77 /* Sources */,
				B425AC622252526000B02B77 /* Frameworks */,
				B425AC632252526000B02B77 /* Resources */,
			);
			buildRules = (
			);
			dependencies = (
			);
			name = Swift_SweetSugar;
			productName = Swift_SweetSugar;
			productReference = B425AC652252526000B02B77 /* Swift_SweetSugar.app */;
			productType = "com.apple.product-type.application";
		};
		B425AC782252526200B02B77 /* Swift_SweetSugarTests */ = {
			isa = PBXNativeTarget;
			buildConfigurationList = B425AC902252526200B02B77 /* Build configuration list for PBXNativeTarget "Swift_SweetSugarTests" */;
			buildPhases = (
				B425AC752252526200B02B77 /* Sources */,
				B425AC762252526200B02B77 /* Frameworks */,
				B425AC772252526200B02B77 /* Resources */,
			);
			buildRules = (
			);
			dependencies = (
				B425AC7B2252526200B02B77 /* PBXTargetDependency */,
			);
			name = Swift_SweetSugarTests;
			productName = Swift_SweetSugarTests;
			productReference = B425AC792252526200B02B77 /* Swift_SweetSugarTests.xctest */;
			productType = "com.apple.product-type.bundle.unit-test";
		};
		B425AC832252526200B02B77 /* Swift_SweetSugarUITests */ = {
			isa = PBXNativeTarget;
			buildConfigurationList = B425AC932252526200B02B77 /* Build configuration list for PBXNativeTarget "Swift_SweetSugarUITests" */;
			buildPhases = (
				B425AC802252526200B02B77 /* Sources */,
				B425AC812252526200B02B77 /* Frameworks */,
				B425AC822252526200B02B77 /* Resources */,
			);
			buildRules = (
			);
			dependencies = (
				B425AC862252526200B02B77 /* PBXTargetDependency */,
			);
			name = Swift_SweetSugarUITests;
			productName = Swift_SweetSugarUITests;
			productReference = B425AC842252526200B02B77 /* Swift_SweetSugarUITests.xctest */;
			productType = "com.apple.product-type.bundle.ui-testing";
		};
/* End PBXNativeTarget section */

/* Begin PBXProject section */
		B425AC5D2252526000B02B77 /* Project object */ = {
			isa = PBXProject;
			attributes = {
				LastSwiftUpdateCheck = 1010;
				LastUpgradeCheck = 1010;
				ORGANIZATIONNAME = Mumu;
				TargetAttributes = {
					B425AC642252526000B02B77 = {
						CreatedOnToolsVersion = 10.1;
					};
					B425AC782252526200B02B77 = {
						CreatedOnToolsVersion = 10.1;
						TestTargetID = B425AC642252526000B02B77;
					};
					B425AC832252526200B02B77 = {
						CreatedOnToolsVersion = 10.1;
						TestTargetID = B425AC642252526000B02B77;
					};
				};
			};
			buildConfigurationList = B425AC602252526000B02B77 /* Build configuration list for PBXProject "Swift_SweetSugar" */;
			compatibilityVersion = "Xcode 9.3";
			developmentRegion = en;
			hasScannedForEncodings = 0;
			knownRegions = (
				en,
				Base,
			);
			mainGroup = B425AC5C2252526000B02B77;
			productRefGroup = B425AC662252526000B02B77 /* Products */;
			projectDirPath = "";
			projectRoot = "";
			targets = (
				B425AC642252526000B02B77 /* Swift_SweetSugar */,
				B425AC782252526200B02B77 /* Swift_SweetSugarTests */,
				B425AC832252526200B02B77 /* Swift_SweetSugarUITests */,
			);
		};
/* End PBXProject section */

/* Begin PBXResourcesBuildPhase section */
		B425AC632252526000B02B77 /* Resources */ = {
			isa = PBXResourcesBuildPhase;
			buildActionMask = 2147483647;
			files = (
				B425AC732252526200B02B77 /* LaunchScreen.storyboard in Resources */,
				B425AC702252526200B02B77 /* Assets.xcassets in Resources */,
				B425AC6E2252526000B02B77 /* Main.storyboard in Resources */,
			);
			runOnlyForDeploymentPostprocessing = 0;
		};
		B425AC772252526200B02B77 /* Resources */ = {
			isa = PBXResourcesBuildPhase;
			buildActionMask = 2147483647;
			files = (
			);
			runOnlyForDeploymentPostprocessing = 0;
		};
		B425AC822252526200B02B77 /* Resources */ = {
			isa = PBXResourcesBuildPhase;
			buildActionMask = 2147483647;
			files = (
			);
			runOnlyForDeploymentPostprocessing = 0;
		};
/* End PBXResourcesBuildPhase section */

/* Begin PBXSourcesBuildPhase section */
		B425AC612252526000B02B77 /* Sources */ = {
			isa = PBXSourcesBuildPhase;
			buildActionMask = 2147483647;
			files = (
				B459B5EF22CCF0A700DEEA87 /* Solution.swift in Sources */,
				DFF332AA2328C5DE0015295C /* Bundle+MM_extension.swift in Sources */,
				B425AC6B2252526000B02B77 /* ViewController.swift in Sources */,
				DF128F3B232F2C5100491475 /* DispatchTime+MM_Extension.swift in Sources */,
				DF128F3D232F2C5A00491475 /* Date+MM_Extension.swift in Sources */,
				B425AC982252529A00B02B77 /* UIKit+Extension.swift in Sources */,
				B425AC692252526000B02B77 /* AppDelegate.swift in Sources */,
				DF9227E722CB07A600ABB221 /* UIColor+MM_Extension.swift in Sources */,
			);
			runOnlyForDeploymentPostprocessing = 0;
		};
		B425AC752252526200B02B77 /* Sources */ = {
			isa = PBXSourcesBuildPhase;
			buildActionMask = 2147483647;
			files = (
				B425AC7E2252526200B02B77 /* Swift_SweetSugarTests.swift in Sources */,
			);
			runOnlyForDeploymentPostprocessing = 0;
		};
		B425AC802252526200B02B77 /* Sources */ = {
			isa = PBXSourcesBuildPhase;
			buildActionMask = 2147483647;
			files = (
				B425AC892252526200B02B77 /* Swift_SweetSugarUITests.swift in Sources */,
			);
			runOnlyForDeploymentPostprocessing = 0;
		};
/* End PBXSourcesBuildPhase section */

/* Begin PBXTargetDependency section */
		B425AC7B2252526200B02B77 /* PBXTargetDependency */ = {
			isa = PBXTargetDependency;
			target = B425AC642252526000B02B77 /* Swift_SweetSugar */;
			targetProxy = B425AC7A2252526200B02B77 /* PBXContainerItemProxy */;
		};
		B425AC862252526200B02B77 /* PBXTargetDependency */ = {
			isa = PBXTargetDependency;
			target = B425AC642252526000B02B77 /* Swift_SweetSugar */;
			targetProxy = B425AC852252526200B02B77 /* PBXContainerItemProxy */;
		};
/* End PBXTargetDependency section */

/* Begin PBXVariantGroup section */
		B425AC6C2252526000B02B77 /* Main.storyboard */ = {
			isa = PBXVariantGroup;
			children = (
				B425AC6D2252526000B02B77 /* Base */,
			);
			name = Main.storyboard;
			sourceTree = "<group>";
		};
		B425AC712252526200B02B77 /* LaunchScreen.storyboard */ = {
			isa = PBXVariantGroup;
			children = (
				B425AC722252526200B02B77 /* Base */,
			);
			name = LaunchScreen.storyboard;
			sourceTree = "<group>";
		};
/* End PBXVariantGroup section */

/* Begin XCBuildConfiguration section */
		B425AC8B2252526200B02B77 /* Debug */ = {
			isa = XCBuildConfiguration;
			buildSettings = {
				ALWAYS_SEARCH_USER_PATHS = NO;
				CLANG_ANALYZER_NONNULL = YES;
				CLANG_ANALYZER_NUMBER_OBJECT_CONVERSION = YES_AGGRESSIVE;
				CLANG_CXX_LANGUAGE_STANDARD = "gnu++14";
				CLANG_CXX_LIBRARY = "libc++";
				CLANG_ENABLE_MODULES = YES;
				CLANG_ENABLE_OBJC_ARC = YES;
				CLANG_ENABLE_OBJC_WEAK = YES;
				CLANG_WARN_BLOCK_CAPTURE_AUTORELEASING = YES;
				CLANG_WARN_BOOL_CONVERSION = YES;
				CLANG_WARN_COMMA = YES;
				CLANG_WARN_CONSTANT_CONVERSION = YES;
				CLANG_WARN_DEPRECATED_OBJC_IMPLEMENTATIONS = YES;
				CLANG_WARN_DIRECT_OBJC_ISA_USAGE = YES_ERROR;
				CLANG_WARN_DOCUMENTATION_COMMENTS = YES;
				CLANG_WARN_EMPTY_BODY = YES;
				CLANG_WARN_ENUM_CONVERSION = YES;
				CLANG_WARN_INFINITE_RECURSION = YES;
				CLANG_WARN_INT_CONVERSION = YES;
				CLANG_WARN_NON_LITERAL_NULL_CONVERSION = YES;
				CLANG_WARN_OBJC_IMPLICIT_RETAIN_SELF = YES;
				CLANG_WARN_OBJC_LITERAL_CONVERSION = YES;
				CLANG_WARN_OBJC_ROOT_CLASS = YES_ERROR;
				CLANG_WARN_RANGE_LOOP_ANALYSIS = YES;
				CLANG_WARN_STRICT_PROTOTYPES = YES;
				CLANG_WARN_SUSPICIOUS_MOVE = YES;
				CLANG_WARN_UNGUARDED_AVAILABILITY = YES_AGGRESSIVE;
				CLANG_WARN_UNREACHABLE_CODE = YES;
				CLANG_WARN__DUPLICATE_METHOD_MATCH = YES;
				CODE_SIGN_IDENTITY = "iPhone Developer";
				COPY_PHASE_STRIP = NO;
				DEBUG_INFORMATION_FORMAT = dwarf;
				ENABLE_STRICT_OBJC_MSGSEND = YES;
				ENABLE_TESTABILITY = YES;
				GCC_C_LANGUAGE_STANDARD = gnu11;
				GCC_DYNAMIC_NO_PIC = NO;
				GCC_NO_COMMON_BLOCKS = YES;
				GCC_OPTIMIZATION_LEVEL = 0;
				GCC_PREPROCESSOR_DEFINITIONS = (
					"DEBUG=1",
					"$(inherited)",
				);
				GCC_WARN_64_TO_32_BIT_CONVERSION = YES;
				GCC_WARN_ABOUT_RETURN_TYPE = YES_ERROR;
				GCC_WARN_UNDECLARED_SELECTOR = YES;
				GCC_WARN_UNINITIALIZED_AUTOS = YES_AGGRESSIVE;
				GCC_WARN_UNUSED_FUNCTION = YES;
				GCC_WARN_UNUSED_VARIABLE = YES;
				IPHONEOS_DEPLOYMENT_TARGET = 12.1;
				MTL_ENABLE_DEBUG_INFO = INCLUDE_SOURCE;
				MTL_FAST_MATH = YES;
				ONLY_ACTIVE_ARCH = YES;
				SDKROOT = iphoneos;
				SWIFT_ACTIVE_COMPILATION_CONDITIONS = DEBUG;
				SWIFT_OPTIMIZATION_LEVEL = "-Onone";
			};
			name = Debug;
		};
		B425AC8C2252526200B02B77 /* Release */ = {
			isa = XCBuildConfiguration;
			buildSettings = {
				ALWAYS_SEARCH_USER_PATHS = NO;
				CLANG_ANALYZER_NONNULL = YES;
				CLANG_ANALYZER_NUMBER_OBJECT_CONVERSION = YES_AGGRESSIVE;
				CLANG_CXX_LANGUAGE_STANDARD = "gnu++14";
				CLANG_CXX_LIBRARY = "libc++";
				CLANG_ENABLE_MODULES = YES;
				CLANG_ENABLE_OBJC_ARC = YES;
				CLANG_ENABLE_OBJC_WEAK = YES;
				CLANG_WARN_BLOCK_CAPTURE_AUTORELEASING = YES;
				CLANG_WARN_BOOL_CONVERSION = YES;
				CLANG_WARN_COMMA = YES;
				CLANG_WARN_CONSTANT_CONVERSION = YES;
				CLANG_WARN_DEPRECATED_OBJC_IMPLEMENTATIONS = YES;
				CLANG_WARN_DIRECT_OBJC_ISA_USAGE = YES_ERROR;
				CLANG_WARN_DOCUMENTATION_COMMENTS = YES;
				CLANG_WARN_EMPTY_BODY = YES;
				CLANG_WARN_ENUM_CONVERSION = YES;
				CLANG_WARN_INFINITE_RECURSION = YES;
				CLANG_WARN_INT_CONVERSION = YES;
				CLANG_WARN_NON_LITERAL_NULL_CONVERSION = YES;
				CLANG_WARN_OBJC_IMPLICIT_RETAIN_SELF = YES;
				CLANG_WARN_OBJC_LITERAL_CONVERSION = YES;
				CLANG_WARN_OBJC_ROOT_CLASS = YES_ERROR;
				CLANG_WARN_RANGE_LOOP_ANALYSIS = YES;
				CLANG_WARN_STRICT_PROTOTYPES = YES;
				CLANG_WARN_SUSPICIOUS_MOVE = YES;
				CLANG_WARN_UNGUARDED_AVAILABILITY = YES_AGGRESSIVE;
				CLANG_WARN_UNREACHABLE_CODE = YES;
				CLANG_WARN__DUPLICATE_METHOD_MATCH = YES;
				CODE_SIGN_IDENTITY = "iPhone Developer";
				COPY_PHASE_STRIP = NO;
				DEBUG_INFORMATION_FORMAT = "dwarf-with-dsym";
				ENABLE_NS_ASSERTIONS = NO;
				ENABLE_STRICT_OBJC_MSGSEND = YES;
				GCC_C_LANGUAGE_STANDARD = gnu11;
				GCC_NO_COMMON_BLOCKS = YES;
				GCC_WARN_64_TO_32_BIT_CONVERSION = YES;
				GCC_WARN_ABOUT_RETURN_TYPE = YES_ERROR;
				GCC_WARN_UNDECLARED_SELECTOR = YES;
				GCC_WARN_UNINITIALIZED_AUTOS = YES_AGGRESSIVE;
				GCC_WARN_UNUSED_FUNCTION = YES;
				GCC_WARN_UNUSED_VARIABLE = YES;
				IPHONEOS_DEPLOYMENT_TARGET = 12.1;
				MTL_ENABLE_DEBUG_INFO = NO;
				MTL_FAST_MATH = YES;
				SDKROOT = iphoneos;
				SWIFT_COMPILATION_MODE = wholemodule;
				SWIFT_OPTIMIZATION_LEVEL = "-O";
				VALIDATE_PRODUCT = YES;
			};
			name = Release;
		};
		B425AC8E2252526200B02B77 /* Debug */ = {
			isa = XCBuildConfiguration;
			buildSettings = {
				ASSETCATALOG_COMPILER_APPICON_NAME = AppIcon;
				CODE_SIGN_STYLE = Automatic;
				INFOPLIST_FILE = Swift_SweetSugar/Info.plist;
				LD_RUNPATH_SEARCH_PATHS = (
					"$(inherited)",
					"@executable_path/Frameworks",
				);
				PRODUCT_BUNDLE_IDENTIFIER = "com.mm.CoreTextDemo.Swift-SweetSugar";
				PRODUCT_NAME = "$(TARGET_NAME)";
				SWIFT_VERSION = 4.2;
				TARGETED_DEVICE_FAMILY = "1,2";
			};
			name = Debug;
		};
		B425AC8F2252526200B02B77 /* Release */ = {
			isa = XCBuildConfiguration;
			buildSettings = {
				ASSETCATALOG_COMPILER_APPICON_NAME = AppIcon;
				CODE_SIGN_STYLE = Automatic;
				INFOPLIST_FILE = Swift_SweetSugar/Info.plist;
				LD_RUNPATH_SEARCH_PATHS = (
					"$(inherited)",
					"@executable_path/Frameworks",
				);
				PRODUCT_BUNDLE_IDENTIFIER = "com.mm.CoreTextDemo.Swift-SweetSugar";
				PRODUCT_NAME = "$(TARGET_NAME)";
				SWIFT_VERSION = 4.2;
				TARGETED_DEVICE_FAMILY = "1,2";
			};
			name = Release;
		};
		B425AC912252526200B02B77 /* Debug */ = {
			isa = XCBuildConfiguration;
			buildSettings = {
				ALWAYS_EMBED_SWIFT_STANDARD_LIBRARIES = YES;
				BUNDLE_LOADER = "$(TEST_HOST)";
				CODE_SIGN_STYLE = Automatic;
				INFOPLIST_FILE = Swift_SweetSugarTests/Info.plist;
				LD_RUNPATH_SEARCH_PATHS = (
					"$(inherited)",
					"@executable_path/Frameworks",
					"@loader_path/Frameworks",
				);
				PRODUCT_BUNDLE_IDENTIFIER = "com.mm.CoreTextDemo.Swift-SweetSugarTests";
				PRODUCT_NAME = "$(TARGET_NAME)";
				SWIFT_VERSION = 4.2;
				TARGETED_DEVICE_FAMILY = "1,2";
				TEST_HOST = "$(BUILT_PRODUCTS_DIR)/Swift_SweetSugar.app/Swift_SweetSugar";
			};
			name = Debug;
		};
		B425AC922252526200B02B77 /* Release */ = {
			isa = XCBuildConfiguration;
			buildSettings = {
				ALWAYS_EMBED_SWIFT_STANDARD_LIBRARIES = YES;
				BUNDLE_LOADER = "$(TEST_HOST)";
				CODE_SIGN_STYLE = Automatic;
				INFOPLIST_FILE = Swift_SweetSugarTests/Info.plist;
				LD_RUNPATH_SEARCH_PATHS = (
					"$(inherited)",
					"@executable_path/Frameworks",
					"@loader_path/Frameworks",
				);
				PRODUCT_BUNDLE_IDENTIFIER = "com.mm.CoreTextDemo.Swift-SweetSugarTests";
				PRODUCT_NAME = "$(TARGET_NAME)";
				SWIFT_VERSION = 4.2;
				TARGETED_DEVICE_FAMILY = "1,2";
				TEST_HOST = "$(BUILT_PRODUCTS_DIR)/Swift_SweetSugar.app/Swift_SweetSugar";
			};
			name = Release;
		};
		B425AC942252526200B02B77 /* Debug */ = {
			isa = XCBuildConfiguration;
			buildSettings = {
				ALWAYS_EMBED_SWIFT_STANDARD_LIBRARIES = YES;
				CODE_SIGN_STYLE = Automatic;
				INFOPLIST_FILE = Swift_SweetSugarUITests/Info.plist;
				LD_RUNPATH_SEARCH_PATHS = (
					"$(inherited)",
					"@executable_path/Frameworks",
					"@loader_path/Frameworks",
				);
				PRODUCT_BUNDLE_IDENTIFIER = "com.mm.CoreTextDemo.Swift-SweetSugarUITests";
				PRODUCT_NAME = "$(TARGET_NAME)";
				SWIFT_VERSION = 4.2;
				TARGETED_DEVICE_FAMILY = "1,2";
				TEST_TARGET_NAME = Swift_SweetSugar;
			};
			name = Debug;
		};
		B425AC952252526200B02B77 /* Release */ = {
			isa = XCBuildConfiguration;
			buildSettings = {
				ALWAYS_EMBED_SWIFT_STANDARD_LIBRARIES = YES;
				CODE_SIGN_STYLE = Automatic;
				INFOPLIST_FILE = Swift_SweetSugarUITests/Info.plist;
				LD_RUNPATH_SEARCH_PATHS = (
					"$(inherited)",
					"@executable_path/Frameworks",
					"@loader_path/Frameworks",
				);
				PRODUCT_BUNDLE_IDENTIFIER = "com.mm.CoreTextDemo.Swift-SweetSugarUITests";
				PRODUCT_NAME = "$(TARGET_NAME)";
				SWIFT_VERSION = 4.2;
				TARGETED_DEVICE_FAMILY = "1,2";
				TEST_TARGET_NAME = Swift_SweetSugar;
			};
			name = Release;
		};
/* End XCBuildConfiguration section */

/* Begin XCConfigurationList section */
		B425AC602252526000B02B77 /* Build configuration list for PBXProject "Swift_SweetSugar" */ = {
			isa = XCConfigurationList;
			buildConfigurations = (
				B425AC8B2252526200B02B77 /* Debug */,
				B425AC8C2252526200B02B77 /* Release */,
			);
			defaultConfigurationIsVisible = 0;
			defaultConfigurationName = Release;
		};
		B425AC8D2252526200B02B77 /* Build configuration list for PBXNativeTarget "Swift_SweetSugar" */ = {
			isa = XCConfigurationList;
			buildConfigurations = (
				B425AC8E2252526200B02B77 /* Debug */,
				B425AC8F2252526200B02B77 /* Release */,
			);
			defaultConfigurationIsVisible = 0;
			defaultConfigurationName = Release;
		};
		B425AC902252526200B02B77 /* Build configuration list for PBXNativeTarget "Swift_SweetSugarTests" */ = {
			isa = XCConfigurationList;
			buildConfigurations = (
				B425AC912252526200B02B77 /* Debug */,
				B425AC922252526200B02B77 /* Release */,
			);
			defaultConfigurationIsVisible = 0;
			defaultConfigurationName = Release;
		};
		B425AC932252526200B02B77 /* Build configuration list for PBXNativeTarget "Swift_SweetSugarUITests" */ = {
			isa = XCConfigurationList;
			buildConfigurations = (
				B425AC942252526200B02B77 /* Debug */,
				B425AC952252526200B02B77 /* Release */,
			);
			defaultConfigurationIsVisible = 0;
			defaultConfigurationName = Release;
		};
/* End XCConfigurationList section */
	};
	rootObject = B425AC5D2252526000B02B77 /* Project object */;
}
