PODS:
  - FBRetainCycleDetector (0.1.4)
  - HandyJSON (5.0.2)
  - Kingfisher (6.3.1)
  - LookinServer (1.1.5):
    - LookinServer/Core (= 1.1.5)
  - LookinServer/Core (1.1.5)
  - lottie-ios (3.2.3)
  - MLeaksFinder (1.0.0):
    - FBRetainCycleDetector
  - SnapKit (5.6.0)
  - SwiftyJSON (5.0.1)
  - testDev (0.1.0)
  - YYText (1.0.7)

DEPENDENCIES:
  - "FBRetainCycleDetector (from `git@gitlab.corp.youdao.com:lunafork/FBRetainCycleDetector.git`, branch `feature/yd_dev`)"
  - HandyJSON
  - Kingfisher
  - LookinServer
  - lottie-ios (~> 3.2.3)
  - MLeaksFinder
  - SnapKit
  - SwiftyJSON
  - testDev (from `./testDev/`)
  - YYText

SPEC REPOS:
  https://github.com/CocoaPods/Specs.git:
    - HandyJSON
    - Kingfisher
    - LookinServer
    - lottie-ios
    - MLeaksFinder
    - SnapKit
    - SwiftyJSON
    - YYText

EXTERNAL SOURCES:
  FBRetainCycleDetector:
    :branch: feature/yd_dev
    :git: "git@gitlab.corp.youdao.com:lunafork/FBRetainCycleDetector.git"
  testDev:
    :path: "./testDev/"

CHECKOUT OPTIONS:
  FBRetainCycleDetector:
    :commit: df8b3e2a51bae70540430b4db8dbf77da0cdb9d4
    :git: "git@gitlab.corp.youdao.com:lunafork/FBRetainCycleDetector.git"

SPEC CHECKSUMS:
  FBRetainCycleDetector: 46daef95c2dfa9be34b53087edf6a8f34e4c749c
  HandyJSON: 9e4e236f5d2dbefad5155a77417bbea438201c03
  Kingfisher: 016c8b653a35add51dd34a3aba36b580041acc74
  LookinServer: 2893f2bae53cbf3fd49bbe1a8ea1745582ef1317
  lottie-ios: c058aeafa76daa4cf64d773554bccc8385d0150e
  MLeaksFinder: 8c435bd2f6d070af18cff082b503b21adc130fc0
  SnapKit: e01d52ebb8ddbc333eefe2132acf85c8227d9c25
  SwiftyJSON: 2f33a42c6fbc52764d96f13368585094bfd8aa5e
  testDev: d83d71c6ee7f5eba365d7a30d06ecbc52580e01c
  YYText: 5c461d709e24d55a182d1441c41dc639a18a4849

PODFILE CHECKSUM: e673e4721797468fde7e261634d6a068e66d26d0

COCOAPODS: 1.11.3
